
Microsoft Visual Studio Solution File, Format Version 12.00
# Visual Studio 14
VisualStudioVersion = 14.0.25420.1
MinimumVisualStudioVersion = 10.0.40219.1
Project("{FAE04EC0-301F-11D3-BF4B-00C04F79EFBC}") = "02.16. Long Sequence", "16. Long Sequence\02.16. Long Sequence.csproj", "{E0B30B78-54F8-4BB3-AB81-DEFC969FBA02}"
EndProject
Project("{FAE04EC0-301F-11D3-BF4B-00C04F79EFBC}") = "TestTest", "TestTest\TestTest.csproj", "{8D2AA05A-48E7-4A02-8F2A-340C09F09003}"
EndProject
Project("{FAE04EC0-301F-11D3-BF4B-00C04F79EFBC}") = "02.15. Age", "15. Age\02.15. Age.csproj", "{F6AF6FA1-C595-4180-AC5F-35613F95A8BA}"
EndProject
Project("{FAE04EC0-301F-11D3-BF4B-00C04F79EFBC}") = "02.07. Quotes in Strings", "07. Quotes in Strings 2\02.07. Quotes in Strings.csproj", "{149B53A7-91C1-4B6B-A915-00AD2490450F}"
EndProject
Project("{FAE04EC0-301F-11D3-BF4B-00C04F79EFBC}") = "02.13. Comparing Floats", "13. Comparing Floats\02.13. Comparing Floats.csproj", "{751153BA-F600-4097-BA4B-B71F96EB1C5F}"
EndProject
Project("{FAE04EC0-301F-11D3-BF4B-00C04F79EFBC}") = "02.14. Print the ASCII Table", "14. Print the ASCII Table\02.14. Print the ASCII Table.csproj", "{5957B18E-AFD1-4C90-BEA5-23F876C43CE4}"
EndProject
Project("{FAE04EC0-301F-11D3-BF4B-00C04F79EFBC}") = "02.[DataTpsAndVrbls]01.  DeclareVariables", "01.  DeclareVariables\02.[DataTpsAndVrbls]01.  DeclareVariables.csproj", "{DAF15202-AE87-40E1-BCC3-231F0ECE30BC}"
EndProject
Project("{FAE04EC0-301F-11D3-BF4B-00C04F79EFBC}") = "02.02. Float or Double", "02. Float or Double\02.02. Float or Double.csproj", "{F51466A0-8D62-4F2F-B645-ED5ABD4AA0AB}"
EndProject
Project("{FAE04EC0-301F-11D3-BF4B-00C04F79EFBC}") = "Variable in Hexadecimal Format", "Variable in Hexadecimal Format\Variable in Hexadecimal Format.csproj", "{8D0DE3BD-0D3D-4D4D-B2A5-AE58166EA72D}"
EndProject
Project("{FAE04EC0-301F-11D3-BF4B-00C04F79EFBC}") = "02.16.1 Long Sequence", "16.1 Long Sequence\02.16.1 Long Sequence.csproj", "{1700486A-F759-4AE2-8F91-3E7F40932B63}"
EndProject
Project("{FAE04EC0-301F-11D3-BF4B-00C04F79EFBC}") = "03.01.[OpsAndExprsns]OddOrEven", "OddOrEven\03.01.[OpsAndExprsns]OddOrEven.csproj", "{51AB8C0E-EE71-404B-893F-92D5A2D7F3F8}"
EndProject
Project("{FAE04EC0-301F-11D3-BF4B-00C04F79EFBC}") = "03.02.MoonGravity", "03.02.MoonGravity\03.02.MoonGravity.csproj", "{E224C6C6-306D-43B3-A551-A721CA9D15EA}"
EndProject
Project("{FAE04EC0-301F-11D3-BF4B-00C04F79EFBC}") = "03.03.DivideBy7and5", "03.3.DivideBy7and5\03.03.DivideBy7and5.csproj", "{F679D8D9-B3B1-4099-8799-4A73F642B965}"
EndProject
Project("{FAE04EC0-301F-11D3-BF4B-00C04F79EFBC}") = "03.04.Rectangles", "03.04.Rectangles\03.04.Rectangles.csproj", "{0CB9428F-8720-4612-B350-1C2FBA773AE6}"
EndProject
Project("{FAE04EC0-301F-11D3-BF4B-00C04F79EFBC}") = "03.05.Third Digit", "03.05. Third Digit\03.05.Third Digit.csproj", "{EC0E7103-AFDE-4E75-AADA-B8B6C94380B8}"
EndProject
Project("{FAE04EC0-301F-11D3-BF4B-00C04F79EFBC}") = "03.06.Four Digits", "03.06.Four Digits\03.06.Four Digits.csproj", "{A6875A14-3DAB-4F23-A8A7-5904B8456709}"
EndProject
Project("{FAE04EC0-301F-11D3-BF4B-00C04F79EFBC}") = "03.07. Point in a Circle", "03.07. Point in a Circle\03.07. Point in a Circle.csproj", "{DB3FCE8F-C51D-437E-9CEE-8DCA5BE929DE}"
EndProject
Project("{FAE04EC0-301F-11D3-BF4B-00C04F79EFBC}") = "03.08.Prime Check", "03.08.Prime Check\03.08.Prime Check.csproj", "{CE7D8986-51A9-4950-A99F-6E7063EA5408}"
EndProject
Project("{FAE04EC0-301F-11D3-BF4B-00C04F79EFBC}") = "03.09.Trapezoids", "03.09.Trapezoids\03.09.Trapezoids.csproj", "{85525141-6B19-42A2-A557-B75964F11DE1}"
EndProject
Project("{FAE04EC0-301F-11D3-BF4B-00C04F79EFBC}") = "03.10.Point, Circle, Rectangle", "03.10.Point, Circle, Rectangle\03.10.Point, Circle, Rectangle.csproj", "{B1F900F7-81BC-4DE5-8D9A-1A5C2F0BC049}"
EndProject
Project("{FAE04EC0-301F-11D3-BF4B-00C04F79EFBC}") = "03.00.TestInClass", "03.00.TestInClass\03.00.TestInClass.csproj", "{5D2FD8EC-A031-4581-B366-2ECAE798E049}"
EndProject
Project("{FAE04EC0-301F-11D3-BF4B-00C04F79EFBC}") = "03.00 BiteWise in Class", "03.00 BiteWise in Class\03.00 BiteWise in Class.csproj", "{A1095009-DDBB-4E14-AECE-7451AE2405B3}"
EndProject
Project("{FAE04EC0-301F-11D3-BF4B-00C04F79EFBC}") = "03.001. ExerciseAtHome", "03.001. ExerciseAtHome\03.001. ExerciseAtHome.csproj", "{54306E23-9591-4846-A9FD-5205AB5299F4}"
EndProject
Project("{FAE04EC0-301F-11D3-BF4B-00C04F79EFBC}") = "03.11. 3th Bit", "03.11. 3th Bit\03.11. 3th Bit.csproj", "{A3284E4C-69C5-4BD2-8E96-7FE72F53669F}"
EndProject
Project("{FAE04EC0-301F-11D3-BF4B-00C04F79EFBC}") = "03.12.N-th Bit", "03.12.N-th Bit\03.12.N-th Bit.csproj", "{95C5CF97-D1AA-47CD-8666-000D13592380}"
EndProject
Project("{FAE04EC0-301F-11D3-BF4B-00C04F79EFBC}") = "03.13.ModifyBit", "03.13.ModifyBit\03.13.ModifyBit.csproj", "{63E9442A-30B5-49A9-AF5B-23927C28A1C4}"
EndProject
Project("{FAE04EC0-301F-11D3-BF4B-00C04F79EFBC}") = "03.14.BitExchange", "03.14.BitExchange\03.14.BitExchange.csproj", "{8099CCFE-9AC4-4FA9-8FA7-DF65E897727F}"
EndProject
Project("{FAE04EC0-301F-11D3-BF4B-00C04F79EFBC}") = "03.14.1 BitExchange", "03.14.1 BitExchange\03.14.1 BitExchange.csproj", "{684D117B-C018-498A-B214-36EBCC21BFA0}"
EndProject
Project("{FAE04EC0-301F-11D3-BF4B-00C04F79EFBC}") = "04.01. SumOfThree", "04.01. SumOfThree\04.01. SumOfThree.csproj", "{558BA50A-73C7-49D5-A5B8-CBD7DC51CCA9}"
EndProject
Project("{FAE04EC0-301F-11D3-BF4B-00C04F79EFBC}") = "04.02.Company info", "04.02.Company info\04.02.Company info.csproj", "{98DCA1B8-5A01-4FB3-BEEC-578CD8D85CEF}"
EndProject
Project("{FAE04EC0-301F-11D3-BF4B-00C04F79EFBC}") = "04.00. Console IO output in Class", "04.00. Console IO output in Class\04.00. Console IO output in Class.csproj", "{E67F8B53-DBDC-4E86-AE6E-A171AD67DDB6}"
EndProject
Project("{FAE04EC0-301F-11D3-BF4B-00C04F79EFBC}") = "04.03.Cyrcle", "04.03.Cyrcle\04.03.Cyrcle.csproj", "{5D55C994-CF30-4895-97C0-15451343CB95}"
EndProject
Project("{FAE04EC0-301F-11D3-BF4B-00C04F79EFBC}") = "04.05.Numbers Comparer", "04.05.Numbers Comparer\04.05.Numbers Comparer.csproj", "{51CF885D-9BDC-47F1-845A-0520F336D066}"
EndProject
Project("{FAE04EC0-301F-11D3-BF4B-00C04F79EFBC}") = "04.06.Quadratic Equatation", "04.06.Quadratic Equatation\04.06.Quadratic Equatation.csproj", "{B6CB210F-99F6-4AB2-933D-C4EF7E57A841}"
EndProject
Project("{FAE04EC0-301F-11D3-BF4B-00C04F79EFBC}") = "04.07. Sum of 5 numbers", "04.07. Sum of 5 numbers\04.07. Sum of 5 numbers.csproj", "{033BAA81-A6E7-4874-9AE4-16D2AF0AEC84}"
EndProject
Project("{FAE04EC0-301F-11D3-BF4B-00C04F79EFBC}") = "04.08. Numbers from 1 to N", "04.08. Numbers from 1 to N\04.08. Numbers from 1 to N.csproj", "{E3CCEF81-8D18-41CD-9E6D-62CF65E0C0CA}"
EndProject
Project("{FAE04EC0-301F-11D3-BF4B-00C04F79EFBC}") = "04.09.SumOfNnumbers", "04.09.SumOfNnumbers\04.09.SumOfNnumbers.csproj", "{3D6A7000-576A-4276-A640-2494F02CFF22}"
EndProject
Project("{FAE04EC0-301F-11D3-BF4B-00C04F79EFBC}") = "04.10. Fibonacci Numbers", "04.10. Fibonacci Numbers\04.10. Fibonacci Numbers.csproj", "{6F562E89-822C-4FAE-A0BB-EEBC88C75890}"
EndProject
Project("{FAE04EC0-301F-11D3-BF4B-00C04F79EFBC}") = "04.11. Interval", "04.11. Interval\04.11. Interval.csproj", "{62B7C6EC-5E95-43DE-8507-B7DE932F0E61}"
EndProject
Project("{FAE04EC0-301F-11D3-BF4B-00C04F79EFBC}") = "05.00. Conditional Statements", "05.00. Conditional Statements\05.00. Conditional Statements.csproj", "{F19F49A0-EEDC-4848-B79A-C5A2C70B0795}"
EndProject
Project("{FAE04EC0-301F-11D3-BF4B-00C04F79EFBC}") = "05.01.Exchange if greater", "05.01.Exchange if greater\05.01.Exchange if greater.csproj", "{55FEF238-9799-4D78-AD46-75BB5F32180D}"
EndProject
Project("{FAE04EC0-301F-11D3-BF4B-00C04F79EFBC}") = "05.02.Bonus score", "05.02.Bonus score\05.02.Bonus score.csproj", "{173FD9F5-F95C-45B5-B960-39389279EF91}"
EndProject
Project("{FAE04EC0-301F-11D3-BF4B-00C04F79EFBC}") = "05.03. Play card", "05.03. Play card\05.03. Play card.csproj", "{932FB951-F4ED-4C87-91B3-01C51BECD58B}"
EndProject
Project("{FAE04EC0-301F-11D3-BF4B-00C04F79EFBC}") = "05.04. Multiplication Sign", "05.04. Multiplication Sign\05.04. Multiplication Sign.csproj", "{C3A00A04-5E56-4B52-87BF-3B21DE42D7A6}"
EndProject
Project("{FAE04EC0-301F-11D3-BF4B-00C04F79EFBC}") = "05.05. Biggest of three", "05.05. Biggest of three\05.05. Biggest of three.csproj", "{0ECE53D1-26F6-4B6E-952A-FB606EC74B85}"
EndProject
Project("{FAE04EC0-301F-11D3-BF4B-00C04F79EFBC}") = "05.06. Biggest of five", "05.06. Biggest of five\05.06. Biggest of five.csproj", "{72905989-62E6-4C5B-88E6-085C8A4E91FA}"
EndProject
Project("{FAE04EC0-301F-11D3-BF4B-00C04F79EFBC}") = "05.07. Sort 3 Numbers", "05.07. Sort 3 Numbers\05.07. Sort 3 Numbers.csproj", "{46E07FAE-4298-4EB3-B3E9-0E44FF6B6E31}"
EndProject
Project("{FAE04EC0-301F-11D3-BF4B-00C04F79EFBC}") = "05.08. Digit as word", "05.08. Digit as word\05.08. Digit as word.csproj", "{7CE5C6D1-8BAA-4B01-9400-BCF2768830F9}"
EndProject
Project("{FAE04EC0-301F-11D3-BF4B-00C04F79EFBC}") = "05.09. Int, Double and String", "05.09. Int, Double and String\05.09. Int, Double and String.csproj", "{41240342-84CB-463C-B6D5-706713240EAD}"
EndProject
Project("{FAE04EC0-301F-11D3-BF4B-00C04F79EFBC}") = "06.00 Loops", "06.00 Loops\06.00 Loops.csproj", "{71B07A19-2167-406C-A996-D9D06019BD85}"
EndProject
Project("{FAE04EC0-301F-11D3-BF4B-00C04F79EFBC}") = "06.01. Numbers from 1 to N", "06.01. Numbers from 1 to N\06.01. Numbers from 1 to N.csproj", "{934770D1-2D04-4B0A-81EA-C0957563CBB8}"
EndProject
Project("{FAE04EC0-301F-11D3-BF4B-00C04F79EFBC}") = "06.02. Not Divisible Numbers", "06.02. Not Divisible Numbers\06.02. Not Divisible Numbers.csproj", "{07D2D9D3-E52B-4E17-9EBC-25D49D2BF431}"
EndProject
Project("{FAE04EC0-301F-11D3-BF4B-00C04F79EFBC}") = "06.03. MMSA of N Numbers", "06.03. MMSA of N Numbers\06.03. MMSA of N Numbers.csproj", "{E7461E96-E99C-401D-80EB-12EE00C4F5C9}"
EndProject
Project("{FAE04EC0-301F-11D3-BF4B-00C04F79EFBC}") = "06.04. CardDeck", "06.04. CardDeck\06.04. CardDeck.csproj", "{39FA2967-B405-4023-BBAD-86E37ACC6E4C}"
EndProject
Project("{FAE04EC0-301F-11D3-BF4B-00C04F79EFBC}") = "TEST LOOP", "TEST LOOP\TEST LOOP.csproj", "{B5DEF702-4FE6-4ED5-B73D-642CA5D16D15}"
EndProject
Project("{FAE04EC0-301F-11D3-BF4B-00C04F79EFBC}") = "06.05. Calculate!", "06.05. Calculate!\06.05. Calculate!.csproj", "{547CF03A-2F85-4C76-9B5A-EAA72B000853}"
EndProject
Project("{FAE04EC0-301F-11D3-BF4B-00C04F79EFBC}") = "06.06. Calculate again!", "06.06. Calculate again!\06.06. Calculate again!.csproj", "{F9986BDB-A769-47D2-A30A-7452C245E3D1}"
EndProject
Project("{FAE04EC0-301F-11D3-BF4B-00C04F79EFBC}") = "06.07. Calculate !3", "06.07. Calculate !3\06.07. Calculate !3.csproj", "{86BD5988-6E8B-43A9-AD41-160A99C705A9}"
EndProject
Project("{FAE04EC0-301F-11D3-BF4B-00C04F79EFBC}") = "06.08. Catalan Numbers", "06.08. Catalan Numbers\06.08. Catalan Numbers.csproj", "{3B297050-9EFC-49C2-8DD6-B9F76B797AE5}"
EndProject
Project("{FAE04EC0-301F-11D3-BF4B-00C04F79EFBC}") = "06.09. Matrix of numbers", "06.09. Matrix of numbers\06.09. Matrix of numbers.csproj", "{6A3F3423-7A68-4C56-B0EC-80D6412E6DE3}"
EndProject
Project("{FAE04EC0-301F-11D3-BF4B-00C04F79EFBC}") = "06.10. OddOrEven Product", "06.10. OddOrEven Product\06.10. OddOrEven Product.csproj", "{35392411-DFB8-47B7-BF68-90B703168B36}"
EndProject
Project("{FAE04EC0-301F-11D3-BF4B-00C04F79EFBC}") = "06.11. Binary to Decimal", "06.11. Binary to Decimal\06.11. Binary to Decimal.csproj", "{6CF02322-DC45-4B73-8477-B5D43C7DD6FD}"
EndProject
Project("{FAE04EC0-301F-11D3-BF4B-00C04F79EFBC}") = "06.12. Decimal to Binary", "06.12. Decimal to Binary\06.12. Decimal to Binary.csproj", "{2079B062-5A3D-4E43-8BE8-C9A6847E98FC}"
EndProject
Project("{FAE04EC0-301F-11D3-BF4B-00C04F79EFBC}") = "06.13. Decimal to Hex", "06.13. Decimal to Hex\06.13. Decimal to Hex.csproj", "{76492348-ABAA-4D1B-B134-D5D036E1651F}"
EndProject
Project("{FAE04EC0-301F-11D3-BF4B-00C04F79EFBC}") = "06.17. Spirital Matix", "06.17. Spirital Matix\06.17. Spirital Matix.csproj", "{A90DA6E9-7BD1-452E-8210-55C2B9D03509}"
EndProject
Project("{FAE04EC0-301F-11D3-BF4B-00C04F79EFBC}") = "06.15. GCD", "06.15. GCD\06.15. GCD.csproj", "{9C087A5F-68A3-4CD4-AD86-CFCA150A5C50}"
EndProject
Project("{FAE04EC0-301F-11D3-BF4B-00C04F79EFBC}") = "06.16. Trailing Zero in !N", "06.16. Trailing Zero in !N\06.16. Trailing Zero in !N.csproj", "{58D6D4DC-0FA0-4208-8ACC-C09A84C2740F}"
EndProject
Project("{FAE04EC0-301F-11D3-BF4B-00C04F79EFBC}") = "07.00 Arrays", "07.00 Arrays\07.00 Arrays.csproj", "{CF1A7B3C-D452-44B5-85F8-AB1915E4138C}"
EndProject
Project("{FAE04EC0-301F-11D3-BF4B-00C04F79EFBC}") = "07.001. Exercices", "07.001. Exercices\07.001. Exercices.csproj", "{36BE0BC2-560D-402F-A25E-1829E7DA1D5A}"
EndProject
Project("{FAE04EC0-301F-11D3-BF4B-00C04F79EFBC}") = "07.01. Allocate array", "07.01. Allocate array\07.01. Allocate array.csproj", "{739CBC1E-B375-416E-AE67-9914461ED47B}"
EndProject
Project("{FAE04EC0-301F-11D3-BF4B-00C04F79EFBC}") = "07.02.Compare Array", "07.02.Compare Array\07.02.Compare Array.csproj", "{7C75A605-DCED-4A36-9326-1159DFC6349B}"
EndProject
Project("{FAE04EC0-301F-11D3-BF4B-00C04F79EFBC}") = "07.03. Compare char arrays", "07.03. Compare char arrays\07.03. Compare char arrays.csproj", "{0D9648AC-C66C-48E7-9D05-34EEA0A7ED6B}"
EndProject
Project("{FAE04EC0-301F-11D3-BF4B-00C04F79EFBC}") = "07.04. Maximal Sequence", "07.04. Maximal Sequence\07.04. Maximal Sequence.csproj", "{760FDB51-648E-4B2D-ACCC-7222F6F85E50}"
EndProject
Project("{FAE04EC0-301F-11D3-BF4B-00C04F79EFBC}") = "07.05. Maximal increasing sequence", "07.05. Maximal increasing sequence\07.05. Maximal increasing sequence.csproj", "{90D00923-FBB6-4173-BCD4-7A4508F85EC5}"
EndProject
Project("{FAE04EC0-301F-11D3-BF4B-00C04F79EFBC}") = "07.06. Maximal K Sum", "07.06. Maximal K Sum\07.06. Maximal K Sum.csproj", "{305F3F99-CD81-4D35-B874-D073ACAF0302}"
EndProject
Project("{FAE04EC0-301F-11D3-BF4B-00C04F79EFBC}") = "07.07. Selection sort", "07.07. Selection sort\07.07. Selection sort.csproj", "{EF775AC2-5940-4257-9010-78FBE22FD48B}"
EndProject
Project("{FAE04EC0-301F-11D3-BF4B-00C04F79EFBC}") = "07.08. Maximal Sum", "07.08. Maximal Sum\07.08. Maximal Sum.csproj", "{2AF674F4-6710-47B7-A270-86010DB52297}"
EndProject
Project("{FAE04EC0-301F-11D3-BF4B-00C04F79EFBC}") = "07.12. Index of Letters", "07.12. Index of Letters\07.12. Index of Letters.csproj", "{8DEC718A-CED4-4CEF-A315-7ADDD004F871}"
EndProject
Project("{FAE04EC0-301F-11D3-BF4B-00C04F79EFBC}") = "07.13. Merge Sort", "07.13. Merge Sort\07.13. Merge Sort.csproj", "{3523795A-4DB4-4BB3-B920-D0BA3213370F}"
EndProject
Project("{FAE04EC0-301F-11D3-BF4B-00C04F79EFBC}") = "07.15. Prime numbers", "07.15. Prime numbers\07.15. Prime numbers.csproj", "{5A38E523-F2D5-4FEC-B088-EA6041ABC11C}"
EndProject
Project("{FAE04EC0-301F-11D3-BF4B-00C04F79EFBC}") = "Magic numbers", "Magic numbers\Magic numbers.csproj", "{5DCC5572-26BD-498D-9B99-7E559AB27FBC}"
EndProject
Project("{FAE04EC0-301F-11D3-BF4B-00C04F79EFBC}") = "Going to a party", "Going to a party\Going to a party.csproj", "{05F4C0C6-0CA0-4664-AA5C-41E700C05A7F}"
EndProject
Project("{FAE04EC0-301F-11D3-BF4B-00C04F79EFBC}") = "Secret Messege", "Secret Messege\Secret Messege.csproj", "{A08F6809-2057-4C36-BE59-03190AFC419D}"
EndProject
Project("{FAE04EC0-301F-11D3-BF4B-00C04F79EFBC}") = "Merging numbers", "Merging numbers\Merging numbers.csproj", "{5894710B-9634-439C-889F-B091FE6D6B03}"
EndProject
Project("{FAE04EC0-301F-11D3-BF4B-00C04F79EFBC}") = "Message", "Message\Message.csproj", "{02A3AACD-AFDF-44AC-8A05-714D91EAB25E}"
EndProject
Global
	GlobalSection(SolutionConfigurationPlatforms) = preSolution
		Debug|Any CPU = Debug|Any CPU
		Release|Any CPU = Release|Any CPU
	EndGlobalSection
	GlobalSection(ProjectConfigurationPlatforms) = postSolution
		{E0B30B78-54F8-4BB3-AB81-DEFC969FBA02}.Debug|Any CPU.ActiveCfg = Debug|Any CPU
		{E0B30B78-54F8-4BB3-AB81-DEFC969FBA02}.Debug|Any CPU.Build.0 = Debug|Any CPU
		{E0B30B78-54F8-4BB3-AB81-DEFC969FBA02}.Release|Any CPU.ActiveCfg = Release|Any CPU
		{E0B30B78-54F8-4BB3-AB81-DEFC969FBA02}.Release|Any CPU.Build.0 = Release|Any CPU
		{8D2AA05A-48E7-4A02-8F2A-340C09F09003}.Debug|Any CPU.ActiveCfg = Debug|Any CPU
		{8D2AA05A-48E7-4A02-8F2A-340C09F09003}.Debug|Any CPU.Build.0 = Debug|Any CPU
		{8D2AA05A-48E7-4A02-8F2A-340C09F09003}.Release|Any CPU.ActiveCfg = Release|Any CPU
		{8D2AA05A-48E7-4A02-8F2A-340C09F09003}.Release|Any CPU.Build.0 = Release|Any CPU
		{F6AF6FA1-C595-4180-AC5F-35613F95A8BA}.Debug|Any CPU.ActiveCfg = Debug|Any CPU
		{F6AF6FA1-C595-4180-AC5F-35613F95A8BA}.Debug|Any CPU.Build.0 = Debug|Any CPU
		{F6AF6FA1-C595-4180-AC5F-35613F95A8BA}.Release|Any CPU.ActiveCfg = Release|Any CPU
		{F6AF6FA1-C595-4180-AC5F-35613F95A8BA}.Release|Any CPU.Build.0 = Release|Any CPU
		{149B53A7-91C1-4B6B-A915-00AD2490450F}.Debug|Any CPU.ActiveCfg = Debug|Any CPU
		{149B53A7-91C1-4B6B-A915-00AD2490450F}.Debug|Any CPU.Build.0 = Debug|Any CPU
		{149B53A7-91C1-4B6B-A915-00AD2490450F}.Release|Any CPU.ActiveCfg = Release|Any CPU
		{149B53A7-91C1-4B6B-A915-00AD2490450F}.Release|Any CPU.Build.0 = Release|Any CPU
		{751153BA-F600-4097-BA4B-B71F96EB1C5F}.Debug|Any CPU.ActiveCfg = Debug|Any CPU
		{751153BA-F600-4097-BA4B-B71F96EB1C5F}.Debug|Any CPU.Build.0 = Debug|Any CPU
		{751153BA-F600-4097-BA4B-B71F96EB1C5F}.Release|Any CPU.ActiveCfg = Release|Any CPU
		{751153BA-F600-4097-BA4B-B71F96EB1C5F}.Release|Any CPU.Build.0 = Release|Any CPU
		{5957B18E-AFD1-4C90-BEA5-23F876C43CE4}.Debug|Any CPU.ActiveCfg = Debug|Any CPU
		{5957B18E-AFD1-4C90-BEA5-23F876C43CE4}.Debug|Any CPU.Build.0 = Debug|Any CPU
		{5957B18E-AFD1-4C90-BEA5-23F876C43CE4}.Release|Any CPU.ActiveCfg = Release|Any CPU
		{5957B18E-AFD1-4C90-BEA5-23F876C43CE4}.Release|Any CPU.Build.0 = Release|Any CPU
		{DAF15202-AE87-40E1-BCC3-231F0ECE30BC}.Debug|Any CPU.ActiveCfg = Debug|Any CPU
		{DAF15202-AE87-40E1-BCC3-231F0ECE30BC}.Debug|Any CPU.Build.0 = Debug|Any CPU
		{DAF15202-AE87-40E1-BCC3-231F0ECE30BC}.Release|Any CPU.ActiveCfg = Release|Any CPU
		{DAF15202-AE87-40E1-BCC3-231F0ECE30BC}.Release|Any CPU.Build.0 = Release|Any CPU
		{F51466A0-8D62-4F2F-B645-ED5ABD4AA0AB}.Debug|Any CPU.ActiveCfg = Debug|Any CPU
		{F51466A0-8D62-4F2F-B645-ED5ABD4AA0AB}.Debug|Any CPU.Build.0 = Debug|Any CPU
		{F51466A0-8D62-4F2F-B645-ED5ABD4AA0AB}.Release|Any CPU.ActiveCfg = Release|Any CPU
		{F51466A0-8D62-4F2F-B645-ED5ABD4AA0AB}.Release|Any CPU.Build.0 = Release|Any CPU
		{8D0DE3BD-0D3D-4D4D-B2A5-AE58166EA72D}.Debug|Any CPU.ActiveCfg = Debug|Any CPU
		{8D0DE3BD-0D3D-4D4D-B2A5-AE58166EA72D}.Debug|Any CPU.Build.0 = Debug|Any CPU
		{8D0DE3BD-0D3D-4D4D-B2A5-AE58166EA72D}.Release|Any CPU.ActiveCfg = Release|Any CPU
		{8D0DE3BD-0D3D-4D4D-B2A5-AE58166EA72D}.Release|Any CPU.Build.0 = Release|Any CPU
		{1700486A-F759-4AE2-8F91-3E7F40932B63}.Debug|Any CPU.ActiveCfg = Debug|Any CPU
		{1700486A-F759-4AE2-8F91-3E7F40932B63}.Debug|Any CPU.Build.0 = Debug|Any CPU
		{1700486A-F759-4AE2-8F91-3E7F40932B63}.Release|Any CPU.ActiveCfg = Release|Any CPU
		{1700486A-F759-4AE2-8F91-3E7F40932B63}.Release|Any CPU.Build.0 = Release|Any CPU
		{51AB8C0E-EE71-404B-893F-92D5A2D7F3F8}.Debug|Any CPU.ActiveCfg = Debug|Any CPU
		{51AB8C0E-EE71-404B-893F-92D5A2D7F3F8}.Debug|Any CPU.Build.0 = Debug|Any CPU
		{51AB8C0E-EE71-404B-893F-92D5A2D7F3F8}.Release|Any CPU.ActiveCfg = Release|Any CPU
		{51AB8C0E-EE71-404B-893F-92D5A2D7F3F8}.Release|Any CPU.Build.0 = Release|Any CPU
		{E224C6C6-306D-43B3-A551-A721CA9D15EA}.Debug|Any CPU.ActiveCfg = Debug|Any CPU
		{E224C6C6-306D-43B3-A551-A721CA9D15EA}.Debug|Any CPU.Build.0 = Debug|Any CPU
		{E224C6C6-306D-43B3-A551-A721CA9D15EA}.Release|Any CPU.ActiveCfg = Release|Any CPU
		{E224C6C6-306D-43B3-A551-A721CA9D15EA}.Release|Any CPU.Build.0 = Release|Any CPU
		{F679D8D9-B3B1-4099-8799-4A73F642B965}.Debug|Any CPU.ActiveCfg = Debug|Any CPU
		{F679D8D9-B3B1-4099-8799-4A73F642B965}.Debug|Any CPU.Build.0 = Debug|Any CPU
		{F679D8D9-B3B1-4099-8799-4A73F642B965}.Release|Any CPU.ActiveCfg = Release|Any CPU
		{F679D8D9-B3B1-4099-8799-4A73F642B965}.Release|Any CPU.Build.0 = Release|Any CPU
		{0CB9428F-8720-4612-B350-1C2FBA773AE6}.Debug|Any CPU.ActiveCfg = Debug|Any CPU
		{0CB9428F-8720-4612-B350-1C2FBA773AE6}.Debug|Any CPU.Build.0 = Debug|Any CPU
		{0CB9428F-8720-4612-B350-1C2FBA773AE6}.Release|Any CPU.ActiveCfg = Release|Any CPU
		{0CB9428F-8720-4612-B350-1C2FBA773AE6}.Release|Any CPU.Build.0 = Release|Any CPU
		{EC0E7103-AFDE-4E75-AADA-B8B6C94380B8}.Debug|Any CPU.ActiveCfg = Debug|Any CPU
		{EC0E7103-AFDE-4E75-AADA-B8B6C94380B8}.Debug|Any CPU.Build.0 = Debug|Any CPU
		{EC0E7103-AFDE-4E75-AADA-B8B6C94380B8}.Release|Any CPU.ActiveCfg = Release|Any CPU
		{EC0E7103-AFDE-4E75-AADA-B8B6C94380B8}.Release|Any CPU.Build.0 = Release|Any CPU
		{A6875A14-3DAB-4F23-A8A7-5904B8456709}.Debug|Any CPU.ActiveCfg = Debug|Any CPU
		{A6875A14-3DAB-4F23-A8A7-5904B8456709}.Debug|Any CPU.Build.0 = Debug|Any CPU
		{A6875A14-3DAB-4F23-A8A7-5904B8456709}.Release|Any CPU.ActiveCfg = Release|Any CPU
		{A6875A14-3DAB-4F23-A8A7-5904B8456709}.Release|Any CPU.Build.0 = Release|Any CPU
		{DB3FCE8F-C51D-437E-9CEE-8DCA5BE929DE}.Debug|Any CPU.ActiveCfg = Debug|Any CPU
		{DB3FCE8F-C51D-437E-9CEE-8DCA5BE929DE}.Debug|Any CPU.Build.0 = Debug|Any CPU
		{DB3FCE8F-C51D-437E-9CEE-8DCA5BE929DE}.Release|Any CPU.ActiveCfg = Release|Any CPU
		{DB3FCE8F-C51D-437E-9CEE-8DCA5BE929DE}.Release|Any CPU.Build.0 = Release|Any CPU
		{CE7D8986-51A9-4950-A99F-6E7063EA5408}.Debug|Any CPU.ActiveCfg = Debug|Any CPU
		{CE7D8986-51A9-4950-A99F-6E7063EA5408}.Debug|Any CPU.Build.0 = Debug|Any CPU
		{CE7D8986-51A9-4950-A99F-6E7063EA5408}.Release|Any CPU.ActiveCfg = Release|Any CPU
		{CE7D8986-51A9-4950-A99F-6E7063EA5408}.Release|Any CPU.Build.0 = Release|Any CPU
		{85525141-6B19-42A2-A557-B75964F11DE1}.Debug|Any CPU.ActiveCfg = Debug|Any CPU
		{85525141-6B19-42A2-A557-B75964F11DE1}.Debug|Any CPU.Build.0 = Debug|Any CPU
		{85525141-6B19-42A2-A557-B75964F11DE1}.Release|Any CPU.ActiveCfg = Release|Any CPU
		{85525141-6B19-42A2-A557-B75964F11DE1}.Release|Any CPU.Build.0 = Release|Any CPU
		{B1F900F7-81BC-4DE5-8D9A-1A5C2F0BC049}.Debug|Any CPU.ActiveCfg = Debug|Any CPU
		{B1F900F7-81BC-4DE5-8D9A-1A5C2F0BC049}.Debug|Any CPU.Build.0 = Debug|Any CPU
		{B1F900F7-81BC-4DE5-8D9A-1A5C2F0BC049}.Release|Any CPU.ActiveCfg = Release|Any CPU
		{B1F900F7-81BC-4DE5-8D9A-1A5C2F0BC049}.Release|Any CPU.Build.0 = Release|Any CPU
		{5D2FD8EC-A031-4581-B366-2ECAE798E049}.Debug|Any CPU.ActiveCfg = Debug|Any CPU
		{5D2FD8EC-A031-4581-B366-2ECAE798E049}.Debug|Any CPU.Build.0 = Debug|Any CPU
		{5D2FD8EC-A031-4581-B366-2ECAE798E049}.Release|Any CPU.ActiveCfg = Release|Any CPU
		{5D2FD8EC-A031-4581-B366-2ECAE798E049}.Release|Any CPU.Build.0 = Release|Any CPU
		{A1095009-DDBB-4E14-AECE-7451AE2405B3}.Debug|Any CPU.ActiveCfg = Debug|Any CPU
		{A1095009-DDBB-4E14-AECE-7451AE2405B3}.Debug|Any CPU.Build.0 = Debug|Any CPU
		{A1095009-DDBB-4E14-AECE-7451AE2405B3}.Release|Any CPU.ActiveCfg = Release|Any CPU
		{A1095009-DDBB-4E14-AECE-7451AE2405B3}.Release|Any CPU.Build.0 = Release|Any CPU
		{54306E23-9591-4846-A9FD-5205AB5299F4}.Debug|Any CPU.ActiveCfg = Debug|Any CPU
		{54306E23-9591-4846-A9FD-5205AB5299F4}.Debug|Any CPU.Build.0 = Debug|Any CPU
		{54306E23-9591-4846-A9FD-5205AB5299F4}.Release|Any CPU.ActiveCfg = Release|Any CPU
		{54306E23-9591-4846-A9FD-5205AB5299F4}.Release|Any CPU.Build.0 = Release|Any CPU
		{A3284E4C-69C5-4BD2-8E96-7FE72F53669F}.Debug|Any CPU.ActiveCfg = Debug|Any CPU
		{A3284E4C-69C5-4BD2-8E96-7FE72F53669F}.Debug|Any CPU.Build.0 = Debug|Any CPU
		{A3284E4C-69C5-4BD2-8E96-7FE72F53669F}.Release|Any CPU.ActiveCfg = Release|Any CPU
		{A3284E4C-69C5-4BD2-8E96-7FE72F53669F}.Release|Any CPU.Build.0 = Release|Any CPU
		{95C5CF97-D1AA-47CD-8666-000D13592380}.Debug|Any CPU.ActiveCfg = Debug|Any CPU
		{95C5CF97-D1AA-47CD-8666-000D13592380}.Debug|Any CPU.Build.0 = Debug|Any CPU
		{95C5CF97-D1AA-47CD-8666-000D13592380}.Release|Any CPU.ActiveCfg = Release|Any CPU
		{95C5CF97-D1AA-47CD-8666-000D13592380}.Release|Any CPU.Build.0 = Release|Any CPU
		{63E9442A-30B5-49A9-AF5B-23927C28A1C4}.Debug|Any CPU.ActiveCfg = Debug|Any CPU
		{63E9442A-30B5-49A9-AF5B-23927C28A1C4}.Debug|Any CPU.Build.0 = Debug|Any CPU
		{63E9442A-30B5-49A9-AF5B-23927C28A1C4}.Release|Any CPU.ActiveCfg = Release|Any CPU
		{63E9442A-30B5-49A9-AF5B-23927C28A1C4}.Release|Any CPU.Build.0 = Release|Any CPU
		{8099CCFE-9AC4-4FA9-8FA7-DF65E897727F}.Debug|Any CPU.ActiveCfg = Debug|Any CPU
		{8099CCFE-9AC4-4FA9-8FA7-DF65E897727F}.Debug|Any CPU.Build.0 = Debug|Any CPU
		{8099CCFE-9AC4-4FA9-8FA7-DF65E897727F}.Release|Any CPU.ActiveCfg = Release|Any CPU
		{8099CCFE-9AC4-4FA9-8FA7-DF65E897727F}.Release|Any CPU.Build.0 = Release|Any CPU
		{684D117B-C018-498A-B214-36EBCC21BFA0}.Debug|Any CPU.ActiveCfg = Debug|Any CPU
		{684D117B-C018-498A-B214-36EBCC21BFA0}.Debug|Any CPU.Build.0 = Debug|Any CPU
		{684D117B-C018-498A-B214-36EBCC21BFA0}.Release|Any CPU.ActiveCfg = Release|Any CPU
		{684D117B-C018-498A-B214-36EBCC21BFA0}.Release|Any CPU.Build.0 = Release|Any CPU
		{558BA50A-73C7-49D5-A5B8-CBD7DC51CCA9}.Debug|Any CPU.ActiveCfg = Debug|Any CPU
		{558BA50A-73C7-49D5-A5B8-CBD7DC51CCA9}.Debug|Any CPU.Build.0 = Debug|Any CPU
		{558BA50A-73C7-49D5-A5B8-CBD7DC51CCA9}.Release|Any CPU.ActiveCfg = Release|Any CPU
		{558BA50A-73C7-49D5-A5B8-CBD7DC51CCA9}.Release|Any CPU.Build.0 = Release|Any CPU
		{98DCA1B8-5A01-4FB3-BEEC-578CD8D85CEF}.Debug|Any CPU.ActiveCfg = Debug|Any CPU
		{98DCA1B8-5A01-4FB3-BEEC-578CD8D85CEF}.Debug|Any CPU.Build.0 = Debug|Any CPU
		{98DCA1B8-5A01-4FB3-BEEC-578CD8D85CEF}.Release|Any CPU.ActiveCfg = Release|Any CPU
		{98DCA1B8-5A01-4FB3-BEEC-578CD8D85CEF}.Release|Any CPU.Build.0 = Release|Any CPU
		{E67F8B53-DBDC-4E86-AE6E-A171AD67DDB6}.Debug|Any CPU.ActiveCfg = Debug|Any CPU
		{E67F8B53-DBDC-4E86-AE6E-A171AD67DDB6}.Debug|Any CPU.Build.0 = Debug|Any CPU
		{E67F8B53-DBDC-4E86-AE6E-A171AD67DDB6}.Release|Any CPU.ActiveCfg = Release|Any CPU
		{E67F8B53-DBDC-4E86-AE6E-A171AD67DDB6}.Release|Any CPU.Build.0 = Release|Any CPU
		{5D55C994-CF30-4895-97C0-15451343CB95}.Debug|Any CPU.ActiveCfg = Debug|Any CPU
		{5D55C994-CF30-4895-97C0-15451343CB95}.Debug|Any CPU.Build.0 = Debug|Any CPU
		{5D55C994-CF30-4895-97C0-15451343CB95}.Release|Any CPU.ActiveCfg = Release|Any CPU
		{5D55C994-CF30-4895-97C0-15451343CB95}.Release|Any CPU.Build.0 = Release|Any CPU
		{51CF885D-9BDC-47F1-845A-0520F336D066}.Debug|Any CPU.ActiveCfg = Debug|Any CPU
		{51CF885D-9BDC-47F1-845A-0520F336D066}.Debug|Any CPU.Build.0 = Debug|Any CPU
		{51CF885D-9BDC-47F1-845A-0520F336D066}.Release|Any CPU.ActiveCfg = Release|Any CPU
		{51CF885D-9BDC-47F1-845A-0520F336D066}.Release|Any CPU.Build.0 = Release|Any CPU
		{B6CB210F-99F6-4AB2-933D-C4EF7E57A841}.Debug|Any CPU.ActiveCfg = Debug|Any CPU
		{B6CB210F-99F6-4AB2-933D-C4EF7E57A841}.Debug|Any CPU.Build.0 = Debug|Any CPU
		{B6CB210F-99F6-4AB2-933D-C4EF7E57A841}.Release|Any CPU.ActiveCfg = Release|Any CPU
		{B6CB210F-99F6-4AB2-933D-C4EF7E57A841}.Release|Any CPU.Build.0 = Release|Any CPU
		{033BAA81-A6E7-4874-9AE4-16D2AF0AEC84}.Debug|Any CPU.ActiveCfg = Debug|Any CPU
		{033BAA81-A6E7-4874-9AE4-16D2AF0AEC84}.Debug|Any CPU.Build.0 = Debug|Any CPU
		{033BAA81-A6E7-4874-9AE4-16D2AF0AEC84}.Release|Any CPU.ActiveCfg = Release|Any CPU
		{033BAA81-A6E7-4874-9AE4-16D2AF0AEC84}.Release|Any CPU.Build.0 = Release|Any CPU
		{E3CCEF81-8D18-41CD-9E6D-62CF65E0C0CA}.Debug|Any CPU.ActiveCfg = Debug|Any CPU
		{E3CCEF81-8D18-41CD-9E6D-62CF65E0C0CA}.Debug|Any CPU.Build.0 = Debug|Any CPU
		{E3CCEF81-8D18-41CD-9E6D-62CF65E0C0CA}.Release|Any CPU.ActiveCfg = Release|Any CPU
		{E3CCEF81-8D18-41CD-9E6D-62CF65E0C0CA}.Release|Any CPU.Build.0 = Release|Any CPU
		{3D6A7000-576A-4276-A640-2494F02CFF22}.Debug|Any CPU.ActiveCfg = Debug|Any CPU
		{3D6A7000-576A-4276-A640-2494F02CFF22}.Debug|Any CPU.Build.0 = Debug|Any CPU
		{3D6A7000-576A-4276-A640-2494F02CFF22}.Release|Any CPU.ActiveCfg = Release|Any CPU
		{3D6A7000-576A-4276-A640-2494F02CFF22}.Release|Any CPU.Build.0 = Release|Any CPU
		{6F562E89-822C-4FAE-A0BB-EEBC88C75890}.Debug|Any CPU.ActiveCfg = Debug|Any CPU
		{6F562E89-822C-4FAE-A0BB-EEBC88C75890}.Debug|Any CPU.Build.0 = Debug|Any CPU
		{6F562E89-822C-4FAE-A0BB-EEBC88C75890}.Release|Any CPU.ActiveCfg = Release|Any CPU
		{6F562E89-822C-4FAE-A0BB-EEBC88C75890}.Release|Any CPU.Build.0 = Release|Any CPU
		{62B7C6EC-5E95-43DE-8507-B7DE932F0E61}.Debug|Any CPU.ActiveCfg = Debug|Any CPU
		{62B7C6EC-5E95-43DE-8507-B7DE932F0E61}.Debug|Any CPU.Build.0 = Debug|Any CPU
		{62B7C6EC-5E95-43DE-8507-B7DE932F0E61}.Release|Any CPU.ActiveCfg = Release|Any CPU
		{62B7C6EC-5E95-43DE-8507-B7DE932F0E61}.Release|Any CPU.Build.0 = Release|Any CPU
		{F19F49A0-EEDC-4848-B79A-C5A2C70B0795}.Debug|Any CPU.ActiveCfg = Debug|Any CPU
		{F19F49A0-EEDC-4848-B79A-C5A2C70B0795}.Debug|Any CPU.Build.0 = Debug|Any CPU
		{F19F49A0-EEDC-4848-B79A-C5A2C70B0795}.Release|Any CPU.ActiveCfg = Release|Any CPU
		{F19F49A0-EEDC-4848-B79A-C5A2C70B0795}.Release|Any CPU.Build.0 = Release|Any CPU
		{55FEF238-9799-4D78-AD46-75BB5F32180D}.Debug|Any CPU.ActiveCfg = Debug|Any CPU
		{55FEF238-9799-4D78-AD46-75BB5F32180D}.Debug|Any CPU.Build.0 = Debug|Any CPU
		{55FEF238-9799-4D78-AD46-75BB5F32180D}.Release|Any CPU.ActiveCfg = Release|Any CPU
		{55FEF238-9799-4D78-AD46-75BB5F32180D}.Release|Any CPU.Build.0 = Release|Any CPU
		{173FD9F5-F95C-45B5-B960-39389279EF91}.Debug|Any CPU.ActiveCfg = Debug|Any CPU
		{173FD9F5-F95C-45B5-B960-39389279EF91}.Debug|Any CPU.Build.0 = Debug|Any CPU
		{173FD9F5-F95C-45B5-B960-39389279EF91}.Release|Any CPU.ActiveCfg = Release|Any CPU
		{173FD9F5-F95C-45B5-B960-39389279EF91}.Release|Any CPU.Build.0 = Release|Any CPU
		{932FB951-F4ED-4C87-91B3-01C51BECD58B}.Debug|Any CPU.ActiveCfg = Debug|Any CPU
		{932FB951-F4ED-4C87-91B3-01C51BECD58B}.Debug|Any CPU.Build.0 = Debug|Any CPU
		{932FB951-F4ED-4C87-91B3-01C51BECD58B}.Release|Any CPU.ActiveCfg = Release|Any CPU
		{932FB951-F4ED-4C87-91B3-01C51BECD58B}.Release|Any CPU.Build.0 = Release|Any CPU
		{C3A00A04-5E56-4B52-87BF-3B21DE42D7A6}.Debug|Any CPU.ActiveCfg = Debug|Any CPU
		{C3A00A04-5E56-4B52-87BF-3B21DE42D7A6}.Debug|Any CPU.Build.0 = Debug|Any CPU
		{C3A00A04-5E56-4B52-87BF-3B21DE42D7A6}.Release|Any CPU.ActiveCfg = Release|Any CPU
		{C3A00A04-5E56-4B52-87BF-3B21DE42D7A6}.Release|Any CPU.Build.0 = Release|Any CPU
		{0ECE53D1-26F6-4B6E-952A-FB606EC74B85}.Debug|Any CPU.ActiveCfg = Debug|Any CPU
		{0ECE53D1-26F6-4B6E-952A-FB606EC74B85}.Debug|Any CPU.Build.0 = Debug|Any CPU
		{0ECE53D1-26F6-4B6E-952A-FB606EC74B85}.Release|Any CPU.ActiveCfg = Release|Any CPU
		{0ECE53D1-26F6-4B6E-952A-FB606EC74B85}.Release|Any CPU.Build.0 = Release|Any CPU
		{72905989-62E6-4C5B-88E6-085C8A4E91FA}.Debug|Any CPU.ActiveCfg = Debug|Any CPU
		{72905989-62E6-4C5B-88E6-085C8A4E91FA}.Debug|Any CPU.Build.0 = Debug|Any CPU
		{72905989-62E6-4C5B-88E6-085C8A4E91FA}.Release|Any CPU.ActiveCfg = Release|Any CPU
		{72905989-62E6-4C5B-88E6-085C8A4E91FA}.Release|Any CPU.Build.0 = Release|Any CPU
		{46E07FAE-4298-4EB3-B3E9-0E44FF6B6E31}.Debug|Any CPU.ActiveCfg = Debug|Any CPU
		{46E07FAE-4298-4EB3-B3E9-0E44FF6B6E31}.Debug|Any CPU.Build.0 = Debug|Any CPU
		{46E07FAE-4298-4EB3-B3E9-0E44FF6B6E31}.Release|Any CPU.ActiveCfg = Release|Any CPU
		{46E07FAE-4298-4EB3-B3E9-0E44FF6B6E31}.Release|Any CPU.Build.0 = Release|Any CPU
		{7CE5C6D1-8BAA-4B01-9400-BCF2768830F9}.Debug|Any CPU.ActiveCfg = Debug|Any CPU
		{7CE5C6D1-8BAA-4B01-9400-BCF2768830F9}.Debug|Any CPU.Build.0 = Debug|Any CPU
		{7CE5C6D1-8BAA-4B01-9400-BCF2768830F9}.Release|Any CPU.ActiveCfg = Release|Any CPU
		{7CE5C6D1-8BAA-4B01-9400-BCF2768830F9}.Release|Any CPU.Build.0 = Release|Any CPU
		{41240342-84CB-463C-B6D5-706713240EAD}.Debug|Any CPU.ActiveCfg = Debug|Any CPU
		{41240342-84CB-463C-B6D5-706713240EAD}.Debug|Any CPU.Build.0 = Debug|Any CPU
		{41240342-84CB-463C-B6D5-706713240EAD}.Release|Any CPU.ActiveCfg = Release|Any CPU
		{41240342-84CB-463C-B6D5-706713240EAD}.Release|Any CPU.Build.0 = Release|Any CPU
		{71B07A19-2167-406C-A996-D9D06019BD85}.Debug|Any CPU.ActiveCfg = Debug|Any CPU
		{71B07A19-2167-406C-A996-D9D06019BD85}.Debug|Any CPU.Build.0 = Debug|Any CPU
		{71B07A19-2167-406C-A996-D9D06019BD85}.Release|Any CPU.ActiveCfg = Release|Any CPU
		{71B07A19-2167-406C-A996-D9D06019BD85}.Release|Any CPU.Build.0 = Release|Any CPU
		{934770D1-2D04-4B0A-81EA-C0957563CBB8}.Debug|Any CPU.ActiveCfg = Debug|Any CPU
		{934770D1-2D04-4B0A-81EA-C0957563CBB8}.Debug|Any CPU.Build.0 = Debug|Any CPU
		{934770D1-2D04-4B0A-81EA-C0957563CBB8}.Release|Any CPU.ActiveCfg = Release|Any CPU
		{934770D1-2D04-4B0A-81EA-C0957563CBB8}.Release|Any CPU.Build.0 = Release|Any CPU
		{07D2D9D3-E52B-4E17-9EBC-25D49D2BF431}.Debug|Any CPU.ActiveCfg = Debug|Any CPU
		{07D2D9D3-E52B-4E17-9EBC-25D49D2BF431}.Debug|Any CPU.Build.0 = Debug|Any CPU
		{07D2D9D3-E52B-4E17-9EBC-25D49D2BF431}.Release|Any CPU.ActiveCfg = Release|Any CPU
		{07D2D9D3-E52B-4E17-9EBC-25D49D2BF431}.Release|Any CPU.Build.0 = Release|Any CPU
		{E7461E96-E99C-401D-80EB-12EE00C4F5C9}.Debug|Any CPU.ActiveCfg = Debug|Any CPU
		{E7461E96-E99C-401D-80EB-12EE00C4F5C9}.Debug|Any CPU.Build.0 = Debug|Any CPU
		{E7461E96-E99C-401D-80EB-12EE00C4F5C9}.Release|Any CPU.ActiveCfg = Release|Any CPU
		{E7461E96-E99C-401D-80EB-12EE00C4F5C9}.Release|Any CPU.Build.0 = Release|Any CPU
		{39FA2967-B405-4023-BBAD-86E37ACC6E4C}.Debug|Any CPU.ActiveCfg = Debug|Any CPU
		{39FA2967-B405-4023-BBAD-86E37ACC6E4C}.Debug|Any CPU.Build.0 = Debug|Any CPU
		{39FA2967-B405-4023-BBAD-86E37ACC6E4C}.Release|Any CPU.ActiveCfg = Release|Any CPU
		{39FA2967-B405-4023-BBAD-86E37ACC6E4C}.Release|Any CPU.Build.0 = Release|Any CPU
		{B5DEF702-4FE6-4ED5-B73D-642CA5D16D15}.Debug|Any CPU.ActiveCfg = Debug|Any CPU
		{B5DEF702-4FE6-4ED5-B73D-642CA5D16D15}.Debug|Any CPU.Build.0 = Debug|Any CPU
		{B5DEF702-4FE6-4ED5-B73D-642CA5D16D15}.Release|Any CPU.ActiveCfg = Release|Any CPU
		{B5DEF702-4FE6-4ED5-B73D-642CA5D16D15}.Release|Any CPU.Build.0 = Release|Any CPU
		{547CF03A-2F85-4C76-9B5A-EAA72B000853}.Debug|Any CPU.ActiveCfg = Debug|Any CPU
		{547CF03A-2F85-4C76-9B5A-EAA72B000853}.Debug|Any CPU.Build.0 = Debug|Any CPU
		{547CF03A-2F85-4C76-9B5A-EAA72B000853}.Release|Any CPU.ActiveCfg = Release|Any CPU
		{547CF03A-2F85-4C76-9B5A-EAA72B000853}.Release|Any CPU.Build.0 = Release|Any CPU
		{F9986BDB-A769-47D2-A30A-7452C245E3D1}.Debug|Any CPU.ActiveCfg = Debug|Any CPU
		{F9986BDB-A769-47D2-A30A-7452C245E3D1}.Debug|Any CPU.Build.0 = Debug|Any CPU
		{F9986BDB-A769-47D2-A30A-7452C245E3D1}.Release|Any CPU.ActiveCfg = Release|Any CPU
		{F9986BDB-A769-47D2-A30A-7452C245E3D1}.Release|Any CPU.Build.0 = Release|Any CPU
		{86BD5988-6E8B-43A9-AD41-160A99C705A9}.Debug|Any CPU.ActiveCfg = Debug|Any CPU
		{86BD5988-6E8B-43A9-AD41-160A99C705A9}.Debug|Any CPU.Build.0 = Debug|Any CPU
		{86BD5988-6E8B-43A9-AD41-160A99C705A9}.Release|Any CPU.ActiveCfg = Release|Any CPU
		{86BD5988-6E8B-43A9-AD41-160A99C705A9}.Release|Any CPU.Build.0 = Release|Any CPU
		{3B297050-9EFC-49C2-8DD6-B9F76B797AE5}.Debug|Any CPU.ActiveCfg = Debug|Any CPU
		{3B297050-9EFC-49C2-8DD6-B9F76B797AE5}.Debug|Any CPU.Build.0 = Debug|Any CPU
		{3B297050-9EFC-49C2-8DD6-B9F76B797AE5}.Release|Any CPU.ActiveCfg = Release|Any CPU
		{3B297050-9EFC-49C2-8DD6-B9F76B797AE5}.Release|Any CPU.Build.0 = Release|Any CPU
		{6A3F3423-7A68-4C56-B0EC-80D6412E6DE3}.Debug|Any CPU.ActiveCfg = Debug|Any CPU
		{6A3F3423-7A68-4C56-B0EC-80D6412E6DE3}.Debug|Any CPU.Build.0 = Debug|Any CPU
		{6A3F3423-7A68-4C56-B0EC-80D6412E6DE3}.Release|Any CPU.ActiveCfg = Release|Any CPU
		{6A3F3423-7A68-4C56-B0EC-80D6412E6DE3}.Release|Any CPU.Build.0 = Release|Any CPU
		{35392411-DFB8-47B7-BF68-90B703168B36}.Debug|Any CPU.ActiveCfg = Debug|Any CPU
		{35392411-DFB8-47B7-BF68-90B703168B36}.Debug|Any CPU.Build.0 = Debug|Any CPU
		{35392411-DFB8-47B7-BF68-90B703168B36}.Release|Any CPU.ActiveCfg = Release|Any CPU
		{35392411-DFB8-47B7-BF68-90B703168B36}.Release|Any CPU.Build.0 = Release|Any CPU
		{6CF02322-DC45-4B73-8477-B5D43C7DD6FD}.Debug|Any CPU.ActiveCfg = Debug|Any CPU
		{6CF02322-DC45-4B73-8477-B5D43C7DD6FD}.Debug|Any CPU.Build.0 = Debug|Any CPU
		{6CF02322-DC45-4B73-8477-B5D43C7DD6FD}.Release|Any CPU.ActiveCfg = Release|Any CPU
		{6CF02322-DC45-4B73-8477-B5D43C7DD6FD}.Release|Any CPU.Build.0 = Release|Any CPU
		{2079B062-5A3D-4E43-8BE8-C9A6847E98FC}.Debug|Any CPU.ActiveCfg = Debug|Any CPU
		{2079B062-5A3D-4E43-8BE8-C9A6847E98FC}.Debug|Any CPU.Build.0 = Debug|Any CPU
		{2079B062-5A3D-4E43-8BE8-C9A6847E98FC}.Release|Any CPU.ActiveCfg = Release|Any CPU
		{2079B062-5A3D-4E43-8BE8-C9A6847E98FC}.Release|Any CPU.Build.0 = Release|Any CPU
		{76492348-ABAA-4D1B-B134-D5D036E1651F}.Debug|Any CPU.ActiveCfg = Debug|Any CPU
		{76492348-ABAA-4D1B-B134-D5D036E1651F}.Debug|Any CPU.Build.0 = Debug|Any CPU
		{76492348-ABAA-4D1B-B134-D5D036E1651F}.Release|Any CPU.ActiveCfg = Release|Any CPU
		{76492348-ABAA-4D1B-B134-D5D036E1651F}.Release|Any CPU.Build.0 = Release|Any CPU
		{A90DA6E9-7BD1-452E-8210-55C2B9D03509}.Debug|Any CPU.ActiveCfg = Debug|Any CPU
		{A90DA6E9-7BD1-452E-8210-55C2B9D03509}.Debug|Any CPU.Build.0 = Debug|Any CPU
		{A90DA6E9-7BD1-452E-8210-55C2B9D03509}.Release|Any CPU.ActiveCfg = Release|Any CPU
		{A90DA6E9-7BD1-452E-8210-55C2B9D03509}.Release|Any CPU.Build.0 = Release|Any CPU
		{9C087A5F-68A3-4CD4-AD86-CFCA150A5C50}.Debug|Any CPU.ActiveCfg = Debug|Any CPU
		{9C087A5F-68A3-4CD4-AD86-CFCA150A5C50}.Debug|Any CPU.Build.0 = Debug|Any CPU
		{9C087A5F-68A3-4CD4-AD86-CFCA150A5C50}.Release|Any CPU.ActiveCfg = Release|Any CPU
		{9C087A5F-68A3-4CD4-AD86-CFCA150A5C50}.Release|Any CPU.Build.0 = Release|Any CPU
		{58D6D4DC-0FA0-4208-8ACC-C09A84C2740F}.Debug|Any CPU.ActiveCfg = Debug|Any CPU
		{58D6D4DC-0FA0-4208-8ACC-C09A84C2740F}.Debug|Any CPU.Build.0 = Debug|Any CPU
		{58D6D4DC-0FA0-4208-8ACC-C09A84C2740F}.Release|Any CPU.ActiveCfg = Release|Any CPU
		{58D6D4DC-0FA0-4208-8ACC-C09A84C2740F}.Release|Any CPU.Build.0 = Release|Any CPU
		{CF1A7B3C-D452-44B5-85F8-AB1915E4138C}.Debug|Any CPU.ActiveCfg = Debug|Any CPU
		{CF1A7B3C-D452-44B5-85F8-AB1915E4138C}.Debug|Any CPU.Build.0 = Debug|Any CPU
		{CF1A7B3C-D452-44B5-85F8-AB1915E4138C}.Release|Any CPU.ActiveCfg = Release|Any CPU
		{CF1A7B3C-D452-44B5-85F8-AB1915E4138C}.Release|Any CPU.Build.0 = Release|Any CPU
		{36BE0BC2-560D-402F-A25E-1829E7DA1D5A}.Debug|Any CPU.ActiveCfg = Debug|Any CPU
		{36BE0BC2-560D-402F-A25E-1829E7DA1D5A}.Debug|Any CPU.Build.0 = Debug|Any CPU
		{36BE0BC2-560D-402F-A25E-1829E7DA1D5A}.Release|Any CPU.ActiveCfg = Release|Any CPU
		{36BE0BC2-560D-402F-A25E-1829E7DA1D5A}.Release|Any CPU.Build.0 = Release|Any CPU
		{739CBC1E-B375-416E-AE67-9914461ED47B}.Debug|Any CPU.ActiveCfg = Debug|Any CPU
		{739CBC1E-B375-416E-AE67-9914461ED47B}.Debug|Any CPU.Build.0 = Debug|Any CPU
		{739CBC1E-B375-416E-AE67-9914461ED47B}.Release|Any CPU.ActiveCfg = Release|Any CPU
		{739CBC1E-B375-416E-AE67-9914461ED47B}.Release|Any CPU.Build.0 = Release|Any CPU
		{7C75A605-DCED-4A36-9326-1159DFC6349B}.Debug|Any CPU.ActiveCfg = Debug|Any CPU
		{7C75A605-DCED-4A36-9326-1159DFC6349B}.Debug|Any CPU.Build.0 = Debug|Any CPU
		{7C75A605-DCED-4A36-9326-1159DFC6349B}.Release|Any CPU.ActiveCfg = Release|Any CPU
		{7C75A605-DCED-4A36-9326-1159DFC6349B}.Release|Any CPU.Build.0 = Release|Any CPU
		{0D9648AC-C66C-48E7-9D05-34EEA0A7ED6B}.Debug|Any CPU.ActiveCfg = Debug|Any CPU
		{0D9648AC-C66C-48E7-9D05-34EEA0A7ED6B}.Debug|Any CPU.Build.0 = Debug|Any CPU
		{0D9648AC-C66C-48E7-9D05-34EEA0A7ED6B}.Release|Any CPU.ActiveCfg = Release|Any CPU
		{0D9648AC-C66C-48E7-9D05-34EEA0A7ED6B}.Release|Any CPU.Build.0 = Release|Any CPU
		{760FDB51-648E-4B2D-ACCC-7222F6F85E50}.Debug|Any CPU.ActiveCfg = Debug|Any CPU
		{760FDB51-648E-4B2D-ACCC-7222F6F85E50}.Debug|Any CPU.Build.0 = Debug|Any CPU
		{760FDB51-648E-4B2D-ACCC-7222F6F85E50}.Release|Any CPU.ActiveCfg = Release|Any CPU
		{760FDB51-648E-4B2D-ACCC-7222F6F85E50}.Release|Any CPU.Build.0 = Release|Any CPU
		{90D00923-FBB6-4173-BCD4-7A4508F85EC5}.Debug|Any CPU.ActiveCfg = Debug|Any CPU
		{90D00923-FBB6-4173-BCD4-7A4508F85EC5}.Debug|Any CPU.Build.0 = Debug|Any CPU
		{90D00923-FBB6-4173-BCD4-7A4508F85EC5}.Release|Any CPU.ActiveCfg = Release|Any CPU
		{90D00923-FBB6-4173-BCD4-7A4508F85EC5}.Release|Any CPU.Build.0 = Release|Any CPU
		{305F3F99-CD81-4D35-B874-D073ACAF0302}.Debug|Any CPU.ActiveCfg = Debug|Any CPU
		{305F3F99-CD81-4D35-B874-D073ACAF0302}.Debug|Any CPU.Build.0 = Debug|Any CPU
		{305F3F99-CD81-4D35-B874-D073ACAF0302}.Release|Any CPU.ActiveCfg = Release|Any CPU
		{305F3F99-CD81-4D35-B874-D073ACAF0302}.Release|Any CPU.Build.0 = Release|Any CPU
		{EF775AC2-5940-4257-9010-78FBE22FD48B}.Debug|Any CPU.ActiveCfg = Debug|Any CPU
		{EF775AC2-5940-4257-9010-78FBE22FD48B}.Debug|Any CPU.Build.0 = Debug|Any CPU
		{EF775AC2-5940-4257-9010-78FBE22FD48B}.Release|Any CPU.ActiveCfg = Release|Any CPU
		{EF775AC2-5940-4257-9010-78FBE22FD48B}.Release|Any CPU.Build.0 = Release|Any CPU
		{2AF674F4-6710-47B7-A270-86010DB52297}.Debug|Any CPU.ActiveCfg = Debug|Any CPU
		{2AF674F4-6710-47B7-A270-86010DB52297}.Debug|Any CPU.Build.0 = Debug|Any CPU
		{2AF674F4-6710-47B7-A270-86010DB52297}.Release|Any CPU.ActiveCfg = Release|Any CPU
		{2AF674F4-6710-47B7-A270-86010DB52297}.Release|Any CPU.Build.0 = Release|Any CPU
		{8DEC718A-CED4-4CEF-A315-7ADDD004F871}.Debug|Any CPU.ActiveCfg = Debug|Any CPU
		{8DEC718A-CED4-4CEF-A315-7ADDD004F871}.Debug|Any CPU.Build.0 = Debug|Any CPU
		{8DEC718A-CED4-4CEF-A315-7ADDD004F871}.Release|Any CPU.ActiveCfg = Release|Any CPU
		{8DEC718A-CED4-4CEF-A315-7ADDD004F871}.Release|Any CPU.Build.0 = Release|Any CPU
		{3523795A-4DB4-4BB3-B920-D0BA3213370F}.Debug|Any CPU.ActiveCfg = Debug|Any CPU
		{3523795A-4DB4-4BB3-B920-D0BA3213370F}.Debug|Any CPU.Build.0 = Debug|Any CPU
		{3523795A-4DB4-4BB3-B920-D0BA3213370F}.Release|Any CPU.ActiveCfg = Release|Any CPU
		{3523795A-4DB4-4BB3-B920-D0BA3213370F}.Release|Any CPU.Build.0 = Release|Any CPU
		{5A38E523-F2D5-4FEC-B088-EA6041ABC11C}.Debug|Any CPU.ActiveCfg = Debug|Any CPU
		{5A38E523-F2D5-4FEC-B088-EA6041ABC11C}.Debug|Any CPU.Build.0 = Debug|Any CPU
		{5A38E523-F2D5-4FEC-B088-EA6041ABC11C}.Release|Any CPU.ActiveCfg = Release|Any CPU
		{5A38E523-F2D5-4FEC-B088-EA6041ABC11C}.Release|Any CPU.Build.0 = Release|Any CPU
		{5DCC5572-26BD-498D-9B99-7E559AB27FBC}.Debug|Any CPU.ActiveCfg = Debug|Any CPU
		{5DCC5572-26BD-498D-9B99-7E559AB27FBC}.Debug|Any CPU.Build.0 = Debug|Any CPU
		{5DCC5572-26BD-498D-9B99-7E559AB27FBC}.Release|Any CPU.ActiveCfg = Release|Any CPU
		{5DCC5572-26BD-498D-9B99-7E559AB27FBC}.Release|Any CPU.Build.0 = Release|Any CPU
		{05F4C0C6-0CA0-4664-AA5C-41E700C05A7F}.Debug|Any CPU.ActiveCfg = Debug|Any CPU
		{05F4C0C6-0CA0-4664-AA5C-41E700C05A7F}.Debug|Any CPU.Build.0 = Debug|Any CPU
		{05F4C0C6-0CA0-4664-AA5C-41E700C05A7F}.Release|Any CPU.ActiveCfg = Release|Any CPU
		{05F4C0C6-0CA0-4664-AA5C-41E700C05A7F}.Release|Any CPU.Build.0 = Release|Any CPU
		{A08F6809-2057-4C36-BE59-03190AFC419D}.Debug|Any CPU.ActiveCfg = Debug|Any CPU
		{A08F6809-2057-4C36-BE59-03190AFC419D}.Debug|Any CPU.Build.0 = Debug|Any CPU
		{A08F6809-2057-4C36-BE59-03190AFC419D}.Release|Any CPU.ActiveCfg = Release|Any CPU
		{A08F6809-2057-4C36-BE59-03190AFC419D}.Release|Any CPU.Build.0 = Release|Any CPU
		{5894710B-9634-439C-889F-B091FE6D6B03}.Debug|Any CPU.ActiveCfg = Debug|Any CPU
		{5894710B-9634-439C-889F-B091FE6D6B03}.Debug|Any CPU.Build.0 = Debug|Any CPU
		{5894710B-9634-439C-889F-B091FE6D6B03}.Release|Any CPU.ActiveCfg = Release|Any CPU
		{5894710B-9634-439C-889F-B091FE6D6B03}.Release|Any CPU.Build.0 = Release|Any CPU
		{02A3AACD-AFDF-44AC-8A05-714D91EAB25E}.Debug|Any CPU.ActiveCfg = Debug|Any CPU
		{02A3AACD-AFDF-44AC-8A05-714D91EAB25E}.Debug|Any CPU.Build.0 = Debug|Any CPU
		{02A3AACD-AFDF-44AC-8A05-714D91EAB25E}.Release|Any CPU.ActiveCfg = Release|Any CPU
		{02A3AACD-AFDF-44AC-8A05-714D91EAB25E}.Release|Any CPU.Build.0 = Release|Any CPU
	EndGlobalSection
	GlobalSection(SolutionProperties) = preSolution
		HideSolutionNode = FALSE
	EndGlobalSection
EndGlobal
