
Microsoft Visual Studio Solution File, Format Version 12.00
# Visual Studio 14
VisualStudioVersion = 14.0.25420.1
MinimumVisualStudioVersion = 10.0.40219.1
Project("{FAE04EC0-301F-11D3-BF4B-00C04F79EFBC}") = "01. Personal Titles", "01. Personal Titles\01. Personal Titles.csproj", "{EE002057-49E1-42F7-89F6-023FDD498802}"
EndProject
Project("{FAE04EC0-301F-11D3-BF4B-00C04F79EFBC}") = "02. Small Shop", "02. Small Shop\02. Small Shop.csproj", "{6A624111-3FE2-4C73-916B-7E338DB9444A}"
EndProject
Project("{FAE04EC0-301F-11D3-BF4B-00C04F79EFBC}") = "testTest", "testTest\testTest.csproj", "{606AA920-C72D-46EA-A284-8F9C7950C5B7}"
EndProject
Project("{FAE04EC0-301F-11D3-BF4B-00C04F79EFBC}") = "03. Point in Rectangle", "03. Point in Rectangle\03. Point in Rectangle.csproj", "{D728D04D-B73D-4439-95DE-F88AA48E87F2}"
EndProject
Project("{FAE04EC0-301F-11D3-BF4B-00C04F79EFBC}") = "04. Fruit or Vegetable", "04. Fruit or Vegetable\04. Fruit or Vegetable.csproj", "{B6BC5A29-4A13-4B64-A363-76571565BE42}"
EndProject
Project("{FAE04EC0-301F-11D3-BF4B-00C04F79EFBC}") = "05. Invalid Number", "ConsoleApplication1\05. Invalid Number.csproj", "{DC15A0F8-5911-4F93-801F-F2B3A560C2C0}"
EndProject
Project("{FAE04EC0-301F-11D3-BF4B-00C04F79EFBC}") = "06. Point on Rectangle Border", "06. Point on Rectangle Border\06. Point on Rectangle Border.csproj", "{5EB81B2B-5AB1-4F31-80B0-8F32E67F07F5}"
EndProject
Project("{FAE04EC0-301F-11D3-BF4B-00C04F79EFBC}") = "07. Fruit Shop", "07. Fruit Shop\07. Fruit Shop.csproj", "{771B6206-5744-4A21-96AA-80B631E3682C}"
EndProject
Project("{FAE04EC0-301F-11D3-BF4B-00C04F79EFBC}") = "ForMyKitty", "ForMyKitty\ForMyKitty.csproj", "{A316CCAC-9470-4DFB-BD7C-B9803447212B}"
EndProject
Project("{FAE04EC0-301F-11D3-BF4B-00C04F79EFBC}") = "08. Trade Comissions", "08. Trade Comissions\08. Trade Comissions.csproj", "{BD505D66-95BD-4B5F-B5F8-06F0411B6860}"
EndProject
Project("{FAE04EC0-301F-11D3-BF4B-00C04F79EFBC}") = "9. Day of Week", "9. Day of Week\9. Day of Week.csproj", "{2BFA5B03-DB63-474D-9F23-E7478FBAA5D4}"
EndProject
Project("{FAE04EC0-301F-11D3-BF4B-00C04F79EFBC}") = "10. Animal Type", "10. Animal Type\10. Animal Type.csproj", "{7862DF01-A2D8-483A-B2D9-8D63728896E0}"
EndProject
Project("{FAE04EC0-301F-11D3-BF4B-00C04F79EFBC}") = "Switch-case test", "Switch-case test\Switch-case test.csproj", "{1A15C532-B566-48AF-88D0-464C8DC0896B}"
EndProject
Project("{FAE04EC0-301F-11D3-BF4B-00C04F79EFBC}") = "12. Cinema", "12. Cinema\12. Cinema.csproj", "{56A48CDD-4BE6-4EBD-9570-4C2C8D1BA7AF}"
EndProject
Project("{FAE04EC0-301F-11D3-BF4B-00C04F79EFBC}") = "13. Volleyball", "13. Volleyball\13. Volleyball.csproj", "{E6FBA3FA-4014-41C5-97BE-1202BF4A6C3B}"
EndProject
Global
	GlobalSection(SolutionConfigurationPlatforms) = preSolution
		Debug|Any CPU = Debug|Any CPU
		Release|Any CPU = Release|Any CPU
	EndGlobalSection
	GlobalSection(ProjectConfigurationPlatforms) = postSolution
		{EE002057-49E1-42F7-89F6-023FDD498802}.Debug|Any CPU.ActiveCfg = Debug|Any CPU
		{EE002057-49E1-42F7-89F6-023FDD498802}.Debug|Any CPU.Build.0 = Debug|Any CPU
		{EE002057-49E1-42F7-89F6-023FDD498802}.Release|Any CPU.ActiveCfg = Release|Any CPU
		{EE002057-49E1-42F7-89F6-023FDD498802}.Release|Any CPU.Build.0 = Release|Any CPU
		{6A624111-3FE2-4C73-916B-7E338DB9444A}.Debug|Any CPU.ActiveCfg = Debug|Any CPU
		{6A624111-3FE2-4C73-916B-7E338DB9444A}.Debug|Any CPU.Build.0 = Debug|Any CPU
		{6A624111-3FE2-4C73-916B-7E338DB9444A}.Release|Any CPU.ActiveCfg = Release|Any CPU
		{6A624111-3FE2-4C73-916B-7E338DB9444A}.Release|Any CPU.Build.0 = Release|Any CPU
		{606AA920-C72D-46EA-A284-8F9C7950C5B7}.Debug|Any CPU.ActiveCfg = Debug|Any CPU
		{606AA920-C72D-46EA-A284-8F9C7950C5B7}.Debug|Any CPU.Build.0 = Debug|Any CPU
		{606AA920-C72D-46EA-A284-8F9C7950C5B7}.Release|Any CPU.ActiveCfg = Release|Any CPU
		{606AA920-C72D-46EA-A284-8F9C7950C5B7}.Release|Any CPU.Build.0 = Release|Any CPU
		{D728D04D-B73D-4439-95DE-F88AA48E87F2}.Debug|Any CPU.ActiveCfg = Debug|Any CPU
		{D728D04D-B73D-4439-95DE-F88AA48E87F2}.Debug|Any CPU.Build.0 = Debug|Any CPU
		{D728D04D-B73D-4439-95DE-F88AA48E87F2}.Release|Any CPU.ActiveCfg = Release|Any CPU
		{D728D04D-B73D-4439-95DE-F88AA48E87F2}.Release|Any CPU.Build.0 = Release|Any CPU
		{B6BC5A29-4A13-4B64-A363-76571565BE42}.Debug|Any CPU.ActiveCfg = Debug|Any CPU
		{B6BC5A29-4A13-4B64-A363-76571565BE42}.Debug|Any CPU.Build.0 = Debug|Any CPU
		{B6BC5A29-4A13-4B64-A363-76571565BE42}.Release|Any CPU.ActiveCfg = Release|Any CPU
		{B6BC5A29-4A13-4B64-A363-76571565BE42}.Release|Any CPU.Build.0 = Release|Any CPU
		{DC15A0F8-5911-4F93-801F-F2B3A560C2C0}.Debug|Any CPU.ActiveCfg = Debug|Any CPU
		{DC15A0F8-5911-4F93-801F-F2B3A560C2C0}.Debug|Any CPU.Build.0 = Debug|Any CPU
		{DC15A0F8-5911-4F93-801F-F2B3A560C2C0}.Release|Any CPU.ActiveCfg = Release|Any CPU
		{DC15A0F8-5911-4F93-801F-F2B3A560C2C0}.Release|Any CPU.Build.0 = Release|Any CPU
		{5EB81B2B-5AB1-4F31-80B0-8F32E67F07F5}.Debug|Any CPU.ActiveCfg = Debug|Any CPU
		{5EB81B2B-5AB1-4F31-80B0-8F32E67F07F5}.Debug|Any CPU.Build.0 = Debug|Any CPU
		{5EB81B2B-5AB1-4F31-80B0-8F32E67F07F5}.Release|Any CPU.ActiveCfg = Release|Any CPU
		{5EB81B2B-5AB1-4F31-80B0-8F32E67F07F5}.Release|Any CPU.Build.0 = Release|Any CPU
		{771B6206-5744-4A21-96AA-80B631E3682C}.Debug|Any CPU.ActiveCfg = Debug|Any CPU
		{771B6206-5744-4A21-96AA-80B631E3682C}.Debug|Any CPU.Build.0 = Debug|Any CPU
		{771B6206-5744-4A21-96AA-80B631E3682C}.Release|Any CPU.ActiveCfg = Release|Any CPU
		{771B6206-5744-4A21-96AA-80B631E3682C}.Release|Any CPU.Build.0 = Release|Any CPU
		{A316CCAC-9470-4DFB-BD7C-B9803447212B}.Debug|Any CPU.ActiveCfg = Debug|Any CPU
		{A316CCAC-9470-4DFB-BD7C-B9803447212B}.Debug|Any CPU.Build.0 = Debug|Any CPU
		{A316CCAC-9470-4DFB-BD7C-B9803447212B}.Release|Any CPU.ActiveCfg = Release|Any CPU
		{A316CCAC-9470-4DFB-BD7C-B9803447212B}.Release|Any CPU.Build.0 = Release|Any CPU
		{BD505D66-95BD-4B5F-B5F8-06F0411B6860}.Debug|Any CPU.ActiveCfg = Debug|Any CPU
		{BD505D66-95BD-4B5F-B5F8-06F0411B6860}.Debug|Any CPU.Build.0 = Debug|Any CPU
		{BD505D66-95BD-4B5F-B5F8-06F0411B6860}.Release|Any CPU.ActiveCfg = Release|Any CPU
		{BD505D66-95BD-4B5F-B5F8-06F0411B6860}.Release|Any CPU.Build.0 = Release|Any CPU
		{2BFA5B03-DB63-474D-9F23-E7478FBAA5D4}.Debug|Any CPU.ActiveCfg = Debug|Any CPU
		{2BFA5B03-DB63-474D-9F23-E7478FBAA5D4}.Debug|Any CPU.Build.0 = Debug|Any CPU
		{2BFA5B03-DB63-474D-9F23-E7478FBAA5D4}.Release|Any CPU.ActiveCfg = Release|Any CPU
		{2BFA5B03-DB63-474D-9F23-E7478FBAA5D4}.Release|Any CPU.Build.0 = Release|Any CPU
		{7862DF01-A2D8-483A-B2D9-8D63728896E0}.Debug|Any CPU.ActiveCfg = Debug|Any CPU
		{7862DF01-A2D8-483A-B2D9-8D63728896E0}.Debug|Any CPU.Build.0 = Debug|Any CPU
		{7862DF01-A2D8-483A-B2D9-8D63728896E0}.Release|Any CPU.ActiveCfg = Release|Any CPU
		{7862DF01-A2D8-483A-B2D9-8D63728896E0}.Release|Any CPU.Build.0 = Release|Any CPU
		{1A15C532-B566-48AF-88D0-464C8DC0896B}.Debug|Any CPU.ActiveCfg = Debug|Any CPU
		{1A15C532-B566-48AF-88D0-464C8DC0896B}.Debug|Any CPU.Build.0 = Debug|Any CPU
		{1A15C532-B566-48AF-88D0-464C8DC0896B}.Release|Any CPU.ActiveCfg = Release|Any CPU
		{1A15C532-B566-48AF-88D0-464C8DC0896B}.Release|Any CPU.Build.0 = Release|Any CPU
		{56A48CDD-4BE6-4EBD-9570-4C2C8D1BA7AF}.Debug|Any CPU.ActiveCfg = Debug|Any CPU
		{56A48CDD-4BE6-4EBD-9570-4C2C8D1BA7AF}.Debug|Any CPU.Build.0 = Debug|Any CPU
		{56A48CDD-4BE6-4EBD-9570-4C2C8D1BA7AF}.Release|Any CPU.ActiveCfg = Release|Any CPU
		{56A48CDD-4BE6-4EBD-9570-4C2C8D1BA7AF}.Release|Any CPU.Build.0 = Release|Any CPU
		{E6FBA3FA-4014-41C5-97BE-1202BF4A6C3B}.Debug|Any CPU.ActiveCfg = Debug|Any CPU
		{E6FBA3FA-4014-41C5-97BE-1202BF4A6C3B}.Debug|Any CPU.Build.0 = Debug|Any CPU
		{E6FBA3FA-4014-41C5-97BE-1202BF4A6C3B}.Release|Any CPU.ActiveCfg = Release|Any CPU
		{E6FBA3FA-4014-41C5-97BE-1202BF4A6C3B}.Release|Any CPU.Build.0 = Release|Any CPU
	EndGlobalSection
	GlobalSection(SolutionProperties) = preSolution
		HideSolutionNode = FALSE
	EndGlobalSection
EndGlobal
