
Microsoft Visual Studio Solution File, Format Version 12.00
# Visual Studio 14
VisualStudioVersion = 14.0.25420.1
MinimumVisualStudioVersion = 10.0.40219.1
Project("{FAE04EC0-301F-11D3-BF4B-00C04F79EFBC}") = "01. Training Lab", "01. Training Lab\01. Training Lab.csproj", "{3E3E0694-E531-48BB-B991-4CD84F16E5A4}"
EndProject
Project("{FAE04EC0-301F-11D3-BF4B-00C04F79EFBC}") = "02. Vegetable Market", "02. Vegetable Market\02. Vegetable Market.csproj", "{D5F2D221-DD63-47B0-91C0-5F3ED075709C}"
EndProject
Project("{FAE04EC0-301F-11D3-BF4B-00C04F79EFBC}") = "03. Ремонт на плочки", "03. Ремонт на плочки\03. Ремонт на плочки.csproj", "{CDC58070-4131-4BCF-B151-2B0294F3805D}"
EndProject
Project("{FAE04EC0-301F-11D3-BF4B-00C04F79EFBC}") = "02. Transport Price", "02. Transport Price\02. Transport Price.csproj", "{190052F0-52B0-4548-8DC5-40E810C3C802}"
EndProject
Project("{FAE04EC0-301F-11D3-BF4B-00C04F79EFBC}") = "04. Тръби в басеин", "04. Тръби в басеин\04. Тръби в басеин.csproj", "{C2FCD6CA-6BBD-4D01-A9C6-A29FC5379D8E}"
EndProject
Project("{FAE04EC0-301F-11D3-BF4B-00C04F79EFBC}") = "OnTimeForExam", "OnTimeForExam\OnTimeForExam.csproj", "{53E9887F-C7BA-4E2C-9046-7CCAFE2B43E8}"
EndProject
Project("{FAE04EC0-301F-11D3-BF4B-00C04F79EFBC}") = "05. DrawFort", "05. DrawFort\05. DrawFort.csproj", "{72583233-5777-4ED8-9F7C-DFE76AE0E79C}"
EndProject
Project("{FAE04EC0-301F-11D3-BF4B-00C04F79EFBC}") = "Krepost", "Krepost\Krepost.csproj", "{D4B3CB6A-9D3A-4161-90DC-09EAE918694D}"
EndProject
Project("{FAE04EC0-301F-11D3-BF4B-00C04F79EFBC}") = "Triangle area", "Triangle area\Triangle area.csproj", "{84C7C6D0-DF3A-4CA8-A71D-D4B4B55FE3EB}"
EndProject
Project("{FAE04EC0-301F-11D3-BF4B-00C04F79EFBC}") = "Bricks", "Bricks\Bricks.csproj", "{E7E5EFDC-BE69-4848-B93E-BDC9572F58B5}"
EndProject
Project("{FAE04EC0-301F-11D3-BF4B-00C04F79EFBC}") = "Point on a line", "Point on a line\Point on a line.csproj", "{94F1CF7E-B53C-48E9-9D2A-211F0285643A}"
EndProject
Project("{FAE04EC0-301F-11D3-BF4B-00C04F79EFBC}") = "Point in the figure", "Point in the figure\Point in the figure.csproj", "{6F13AC6E-49EE-4C4C-A6BA-03A45283F66C}"
EndProject
Project("{FAE04EC0-301F-11D3-BF4B-00C04F79EFBC}") = "Date after 5 days", "Date after 5 days\Date after 5 days.csproj", "{371C1F73-B4B1-41AB-A228-D791630343C8}"
EndProject
Project("{FAE04EC0-301F-11D3-BF4B-00C04F79EFBC}") = "Sum 3 numbers", "Sum 3 numbers\Sum 3 numbers.csproj", "{A0E04D87-F4F0-4EEF-98B8-143DD5D19043}"
EndProject
Project("{FAE04EC0-301F-11D3-BF4B-00C04F79EFBC}") = "Sum Steps 3", "Sum Steps 3\Sum Steps 3.csproj", "{321E084B-6068-4C5C-94DA-42D486371A18}"
EndProject
Project("{FAE04EC0-301F-11D3-BF4B-00C04F79EFBC}") = "Increasing Elements", "Increasing Elements\Increasing Elements.csproj", "{B93E956E-0BBD-4497-A2E9-0BE46B76F82A}"
EndProject
Project("{FAE04EC0-301F-11D3-BF4B-00C04F79EFBC}") = "Pefect Diamond", "Pefect Diamond\Pefect Diamond.csproj", "{8F6D1F2E-6ECB-4F41-82A0-1B79C2E54091}"
EndProject
Project("{FAE04EC0-301F-11D3-BF4B-00C04F79EFBC}") = "Rectangle with stars", "Rectangle with stars\Rectangle with stars.csproj", "{CAE48C63-5137-432B-8920-119AC4A5515C}"
EndProject
Project("{FAE04EC0-301F-11D3-BF4B-00C04F79EFBC}") = "Lady", "Lady\Lady.csproj", "{4DC8BEAC-F97C-45DC-BBDF-1E3C58E826B6}"
EndProject
Project("{FAE04EC0-301F-11D3-BF4B-00C04F79EFBC}") = "Increasing 4 numbers", "increasing 4 numbers\Increasing 4 numbers.csproj", "{F357FB0B-ED1A-4391-9637-D2A78ACD72DD}"
EndProject
Project("{FAE04EC0-301F-11D3-BF4B-00C04F79EFBC}") = "Happy Numbers", "Happy Numbers\Happy Numbers.csproj", "{1AFF63C3-5970-419E-9CC6-F540C5258EC7}"
EndProject
Project("{FAE04EC0-301F-11D3-BF4B-00C04F79EFBC}") = "Тото 6 от 49", "Тото 6 от 49\Тото 6 от 49.csproj", "{9DDB45B5-677B-4C07-A14C-39940086F011}"
EndProject
Project("{FAE04EC0-301F-11D3-BF4B-00C04F79EFBC}") = "test", "test\test.csproj", "{BAC4127F-AE4F-48F7-9372-B6AB25ACC231}"
EndProject
Project("{FAE04EC0-301F-11D3-BF4B-00C04F79EFBC}") = "Generating Rectangles", "Generating Rectangles\Generating Rectangles.csproj", "{7EA4F519-3757-4C79-BDBB-89A91161B495}"
EndProject
Project("{FAE04EC0-301F-11D3-BF4B-00C04F79EFBC}") = "Sleepy Tom Cat", "Sleepy Tom Cat\Sleepy Tom Cat.csproj", "{A9745425-25B4-4F73-9D80-D8410CF40D07}"
EndProject
Project("{FAE04EC0-301F-11D3-BF4B-00C04F79EFBC}") = "Операции между числа", "Операции между числа\Операции между числа.csproj", "{CEAFA0DE-6E17-4E37-9BA8-EE3719F89D0C}"
EndProject
Project("{FAE04EC0-301F-11D3-BF4B-00C04F79EFBC}") = "Smart Lily", "Smart Lily\Smart Lily.csproj", "{C68D915E-D26C-4A3C-A691-A840BA02134C}"
EndProject
Project("{FAE04EC0-301F-11D3-BF4B-00C04F79EFBC}") = "STOP!", "STOP!\STOP!.csproj", "{0DCA1C80-0498-4203-8EC6-6B23064616FC}"
EndProject
Project("{FAE04EC0-301F-11D3-BF4B-00C04F79EFBC}") = "Special Numbers", "Special Numbers\Special Numbers.csproj", "{CC6BC25B-4FE7-48E6-A699-51FE997B997E}"
EndProject
Project("{FAE04EC0-301F-11D3-BF4B-00C04F79EFBC}") = "Profit", "Profit\Profit.csproj", "{BB2E2E7E-296F-46C4-BB7F-99D31C543D9C}"
EndProject
Project("{FAE04EC0-301F-11D3-BF4B-00C04F79EFBC}") = "Firm", "ConsoleApplication1\Firm.csproj", "{7F9A14E9-D85C-4836-B27D-D9BB29955647}"
EndProject
Project("{FAE04EC0-301F-11D3-BF4B-00C04F79EFBC}") = "Hotel Room", "Hotel Room\Hotel Room.csproj", "{CF6C2D64-6B38-40A8-9384-00B92C97BC7D}"
EndProject
Project("{FAE04EC0-301F-11D3-BF4B-00C04F79EFBC}") = "Hospital", "Hospital\Hospital.csproj", "{878798E7-944F-489D-B7C4-D0739BAFA282}"
EndProject
Project("{FAE04EC0-301F-11D3-BF4B-00C04F79EFBC}") = "Axe", "Axe\Axe.csproj", "{4530CC12-144F-4BD1-919C-77F29DD0FFBA}"
EndProject
Project("{FAE04EC0-301F-11D3-BF4B-00C04F79EFBC}") = "Digits", "Digits\Digits.csproj", "{0A074635-9878-4753-8631-FF654026A06D}"
EndProject
Project("{FAE04EC0-301F-11D3-BF4B-00C04F79EFBC}") = "O1. Money", "O1. Money\O1. Money.csproj", "{3135C0AC-49B8-46BA-8774-1439A2BD55FE}"
EndProject
Project("{FAE04EC0-301F-11D3-BF4B-00C04F79EFBC}") = "02. Harvest", "02. Harvest\02. Harvest.csproj", "{3A5EB185-9FD2-4708-BB78-44175C104D28}"
EndProject
Project("{FAE04EC0-301F-11D3-BF4B-00C04F79EFBC}") = "03. Match tickets", "03. Match tickets\03. Match tickets.csproj", "{0557BE5C-F503-4F95-A0A8-DA07452125F8}"
EndProject
Project("{FAE04EC0-301F-11D3-BF4B-00C04F79EFBC}") = "04. BackToThePast", "04. BackToThePast\04. BackToThePast.csproj", "{2939F4E3-D5C5-4E6A-97D0-AD0621C83EF9}"
EndProject
Project("{FAE04EC0-301F-11D3-BF4B-00C04F79EFBC}") = "05. Diamond", "05. Diamond\05. Diamond.csproj", "{AACD5440-7544-4B37-9FE3-770F154672EB}"
EndProject
Project("{FAE04EC0-301F-11D3-BF4B-00C04F79EFBC}") = "06. Stop Number", "06. Stop Number\06. Stop Number.csproj", "{2D1269BC-3434-498C-8593-51DEC2A92FBE}"
EndProject
Project("{FAE04EC0-301F-11D3-BF4B-00C04F79EFBC}") = "01.  Fishland", "01.  Exam SoftUni\01.  Fishland.csproj", "{6C3AAE9B-B3C8-4E5C-9BCA-89413292B926}"
EndProject
Project("{FAE04EC0-301F-11D3-BF4B-00C04F79EFBC}") = "Pets", "Pets\Pets.csproj", "{33C58E74-B656-4792-9788-CE590F227874}"
EndProject
Project("{FAE04EC0-301F-11D3-BF4B-00C04F79EFBC}") = "Vacation", "Vacation\Vacation.csproj", "{014A6A55-2D5A-4403-AE26-75C28B9D5E41}"
EndProject
Project("{FAE04EC0-301F-11D3-BF4B-00C04F79EFBC}") = "SoftUni Camp", "SoftUni Camp\SoftUni Camp.csproj", "{EF29D8C3-F727-40C8-9CD9-1EF3E3613AE0}"
EndProject
Project("{FAE04EC0-301F-11D3-BF4B-00C04F79EFBC}") = "Fox", "Fox\Fox.csproj", "{598268DA-1FA8-411F-8E82-ED71D0CAF671}"
EndProject
Project("{FAE04EC0-301F-11D3-BF4B-00C04F79EFBC}") = "Battles", "Battles\Battles.csproj", "{AF307203-D5CC-4773-983A-6F7D578793C7}"
EndProject
Global
	GlobalSection(SolutionConfigurationPlatforms) = preSolution
		Debug|Any CPU = Debug|Any CPU
		Release|Any CPU = Release|Any CPU
	EndGlobalSection
	GlobalSection(ProjectConfigurationPlatforms) = postSolution
		{3E3E0694-E531-48BB-B991-4CD84F16E5A4}.Debug|Any CPU.ActiveCfg = Debug|Any CPU
		{3E3E0694-E531-48BB-B991-4CD84F16E5A4}.Debug|Any CPU.Build.0 = Debug|Any CPU
		{3E3E0694-E531-48BB-B991-4CD84F16E5A4}.Release|Any CPU.ActiveCfg = Release|Any CPU
		{3E3E0694-E531-48BB-B991-4CD84F16E5A4}.Release|Any CPU.Build.0 = Release|Any CPU
		{D5F2D221-DD63-47B0-91C0-5F3ED075709C}.Debug|Any CPU.ActiveCfg = Debug|Any CPU
		{D5F2D221-DD63-47B0-91C0-5F3ED075709C}.Debug|Any CPU.Build.0 = Debug|Any CPU
		{D5F2D221-DD63-47B0-91C0-5F3ED075709C}.Release|Any CPU.ActiveCfg = Release|Any CPU
		{D5F2D221-DD63-47B0-91C0-5F3ED075709C}.Release|Any CPU.Build.0 = Release|Any CPU
		{CDC58070-4131-4BCF-B151-2B0294F3805D}.Debug|Any CPU.ActiveCfg = Debug|Any CPU
		{CDC58070-4131-4BCF-B151-2B0294F3805D}.Debug|Any CPU.Build.0 = Debug|Any CPU
		{CDC58070-4131-4BCF-B151-2B0294F3805D}.Release|Any CPU.ActiveCfg = Release|Any CPU
		{CDC58070-4131-4BCF-B151-2B0294F3805D}.Release|Any CPU.Build.0 = Release|Any CPU
		{190052F0-52B0-4548-8DC5-40E810C3C802}.Debug|Any CPU.ActiveCfg = Debug|Any CPU
		{190052F0-52B0-4548-8DC5-40E810C3C802}.Debug|Any CPU.Build.0 = Debug|Any CPU
		{190052F0-52B0-4548-8DC5-40E810C3C802}.Release|Any CPU.ActiveCfg = Release|Any CPU
		{190052F0-52B0-4548-8DC5-40E810C3C802}.Release|Any CPU.Build.0 = Release|Any CPU
		{C2FCD6CA-6BBD-4D01-A9C6-A29FC5379D8E}.Debug|Any CPU.ActiveCfg = Debug|Any CPU
		{C2FCD6CA-6BBD-4D01-A9C6-A29FC5379D8E}.Debug|Any CPU.Build.0 = Debug|Any CPU
		{C2FCD6CA-6BBD-4D01-A9C6-A29FC5379D8E}.Release|Any CPU.ActiveCfg = Release|Any CPU
		{C2FCD6CA-6BBD-4D01-A9C6-A29FC5379D8E}.Release|Any CPU.Build.0 = Release|Any CPU
		{53E9887F-C7BA-4E2C-9046-7CCAFE2B43E8}.Debug|Any CPU.ActiveCfg = Debug|Any CPU
		{53E9887F-C7BA-4E2C-9046-7CCAFE2B43E8}.Debug|Any CPU.Build.0 = Debug|Any CPU
		{53E9887F-C7BA-4E2C-9046-7CCAFE2B43E8}.Release|Any CPU.ActiveCfg = Release|Any CPU
		{53E9887F-C7BA-4E2C-9046-7CCAFE2B43E8}.Release|Any CPU.Build.0 = Release|Any CPU
		{72583233-5777-4ED8-9F7C-DFE76AE0E79C}.Debug|Any CPU.ActiveCfg = Debug|Any CPU
		{72583233-5777-4ED8-9F7C-DFE76AE0E79C}.Debug|Any CPU.Build.0 = Debug|Any CPU
		{72583233-5777-4ED8-9F7C-DFE76AE0E79C}.Release|Any CPU.ActiveCfg = Release|Any CPU
		{72583233-5777-4ED8-9F7C-DFE76AE0E79C}.Release|Any CPU.Build.0 = Release|Any CPU
		{D4B3CB6A-9D3A-4161-90DC-09EAE918694D}.Debug|Any CPU.ActiveCfg = Debug|Any CPU
		{D4B3CB6A-9D3A-4161-90DC-09EAE918694D}.Debug|Any CPU.Build.0 = Debug|Any CPU
		{D4B3CB6A-9D3A-4161-90DC-09EAE918694D}.Release|Any CPU.ActiveCfg = Release|Any CPU
		{D4B3CB6A-9D3A-4161-90DC-09EAE918694D}.Release|Any CPU.Build.0 = Release|Any CPU
		{84C7C6D0-DF3A-4CA8-A71D-D4B4B55FE3EB}.Debug|Any CPU.ActiveCfg = Debug|Any CPU
		{84C7C6D0-DF3A-4CA8-A71D-D4B4B55FE3EB}.Debug|Any CPU.Build.0 = Debug|Any CPU
		{84C7C6D0-DF3A-4CA8-A71D-D4B4B55FE3EB}.Release|Any CPU.ActiveCfg = Release|Any CPU
		{84C7C6D0-DF3A-4CA8-A71D-D4B4B55FE3EB}.Release|Any CPU.Build.0 = Release|Any CPU
		{E7E5EFDC-BE69-4848-B93E-BDC9572F58B5}.Debug|Any CPU.ActiveCfg = Debug|Any CPU
		{E7E5EFDC-BE69-4848-B93E-BDC9572F58B5}.Debug|Any CPU.Build.0 = Debug|Any CPU
		{E7E5EFDC-BE69-4848-B93E-BDC9572F58B5}.Release|Any CPU.ActiveCfg = Release|Any CPU
		{E7E5EFDC-BE69-4848-B93E-BDC9572F58B5}.Release|Any CPU.Build.0 = Release|Any CPU
		{94F1CF7E-B53C-48E9-9D2A-211F0285643A}.Debug|Any CPU.ActiveCfg = Debug|Any CPU
		{94F1CF7E-B53C-48E9-9D2A-211F0285643A}.Debug|Any CPU.Build.0 = Debug|Any CPU
		{94F1CF7E-B53C-48E9-9D2A-211F0285643A}.Release|Any CPU.ActiveCfg = Release|Any CPU
		{94F1CF7E-B53C-48E9-9D2A-211F0285643A}.Release|Any CPU.Build.0 = Release|Any CPU
		{6F13AC6E-49EE-4C4C-A6BA-03A45283F66C}.Debug|Any CPU.ActiveCfg = Debug|Any CPU
		{6F13AC6E-49EE-4C4C-A6BA-03A45283F66C}.Debug|Any CPU.Build.0 = Debug|Any CPU
		{6F13AC6E-49EE-4C4C-A6BA-03A45283F66C}.Release|Any CPU.ActiveCfg = Release|Any CPU
		{6F13AC6E-49EE-4C4C-A6BA-03A45283F66C}.Release|Any CPU.Build.0 = Release|Any CPU
		{371C1F73-B4B1-41AB-A228-D791630343C8}.Debug|Any CPU.ActiveCfg = Debug|Any CPU
		{371C1F73-B4B1-41AB-A228-D791630343C8}.Debug|Any CPU.Build.0 = Debug|Any CPU
		{371C1F73-B4B1-41AB-A228-D791630343C8}.Release|Any CPU.ActiveCfg = Release|Any CPU
		{371C1F73-B4B1-41AB-A228-D791630343C8}.Release|Any CPU.Build.0 = Release|Any CPU
		{A0E04D87-F4F0-4EEF-98B8-143DD5D19043}.Debug|Any CPU.ActiveCfg = Debug|Any CPU
		{A0E04D87-F4F0-4EEF-98B8-143DD5D19043}.Debug|Any CPU.Build.0 = Debug|Any CPU
		{A0E04D87-F4F0-4EEF-98B8-143DD5D19043}.Release|Any CPU.ActiveCfg = Release|Any CPU
		{A0E04D87-F4F0-4EEF-98B8-143DD5D19043}.Release|Any CPU.Build.0 = Release|Any CPU
		{321E084B-6068-4C5C-94DA-42D486371A18}.Debug|Any CPU.ActiveCfg = Debug|Any CPU
		{321E084B-6068-4C5C-94DA-42D486371A18}.Debug|Any CPU.Build.0 = Debug|Any CPU
		{321E084B-6068-4C5C-94DA-42D486371A18}.Release|Any CPU.ActiveCfg = Release|Any CPU
		{321E084B-6068-4C5C-94DA-42D486371A18}.Release|Any CPU.Build.0 = Release|Any CPU
		{B93E956E-0BBD-4497-A2E9-0BE46B76F82A}.Debug|Any CPU.ActiveCfg = Debug|Any CPU
		{B93E956E-0BBD-4497-A2E9-0BE46B76F82A}.Debug|Any CPU.Build.0 = Debug|Any CPU
		{B93E956E-0BBD-4497-A2E9-0BE46B76F82A}.Release|Any CPU.ActiveCfg = Release|Any CPU
		{B93E956E-0BBD-4497-A2E9-0BE46B76F82A}.Release|Any CPU.Build.0 = Release|Any CPU
		{8F6D1F2E-6ECB-4F41-82A0-1B79C2E54091}.Debug|Any CPU.ActiveCfg = Debug|Any CPU
		{8F6D1F2E-6ECB-4F41-82A0-1B79C2E54091}.Debug|Any CPU.Build.0 = Debug|Any CPU
		{8F6D1F2E-6ECB-4F41-82A0-1B79C2E54091}.Release|Any CPU.ActiveCfg = Release|Any CPU
		{8F6D1F2E-6ECB-4F41-82A0-1B79C2E54091}.Release|Any CPU.Build.0 = Release|Any CPU
		{CAE48C63-5137-432B-8920-119AC4A5515C}.Debug|Any CPU.ActiveCfg = Debug|Any CPU
		{CAE48C63-5137-432B-8920-119AC4A5515C}.Debug|Any CPU.Build.0 = Debug|Any CPU
		{CAE48C63-5137-432B-8920-119AC4A5515C}.Release|Any CPU.ActiveCfg = Release|Any CPU
		{CAE48C63-5137-432B-8920-119AC4A5515C}.Release|Any CPU.Build.0 = Release|Any CPU
		{4DC8BEAC-F97C-45DC-BBDF-1E3C58E826B6}.Debug|Any CPU.ActiveCfg = Debug|Any CPU
		{4DC8BEAC-F97C-45DC-BBDF-1E3C58E826B6}.Debug|Any CPU.Build.0 = Debug|Any CPU
		{4DC8BEAC-F97C-45DC-BBDF-1E3C58E826B6}.Release|Any CPU.ActiveCfg = Release|Any CPU
		{4DC8BEAC-F97C-45DC-BBDF-1E3C58E826B6}.Release|Any CPU.Build.0 = Release|Any CPU
		{F357FB0B-ED1A-4391-9637-D2A78ACD72DD}.Debug|Any CPU.ActiveCfg = Debug|Any CPU
		{F357FB0B-ED1A-4391-9637-D2A78ACD72DD}.Debug|Any CPU.Build.0 = Debug|Any CPU
		{F357FB0B-ED1A-4391-9637-D2A78ACD72DD}.Release|Any CPU.ActiveCfg = Release|Any CPU
		{F357FB0B-ED1A-4391-9637-D2A78ACD72DD}.Release|Any CPU.Build.0 = Release|Any CPU
		{1AFF63C3-5970-419E-9CC6-F540C5258EC7}.Debug|Any CPU.ActiveCfg = Debug|Any CPU
		{1AFF63C3-5970-419E-9CC6-F540C5258EC7}.Debug|Any CPU.Build.0 = Debug|Any CPU
		{1AFF63C3-5970-419E-9CC6-F540C5258EC7}.Release|Any CPU.ActiveCfg = Release|Any CPU
		{1AFF63C3-5970-419E-9CC6-F540C5258EC7}.Release|Any CPU.Build.0 = Release|Any CPU
		{9DDB45B5-677B-4C07-A14C-39940086F011}.Debug|Any CPU.ActiveCfg = Debug|Any CPU
		{9DDB45B5-677B-4C07-A14C-39940086F011}.Debug|Any CPU.Build.0 = Debug|Any CPU
		{9DDB45B5-677B-4C07-A14C-39940086F011}.Release|Any CPU.ActiveCfg = Release|Any CPU
		{9DDB45B5-677B-4C07-A14C-39940086F011}.Release|Any CPU.Build.0 = Release|Any CPU
		{BAC4127F-AE4F-48F7-9372-B6AB25ACC231}.Debug|Any CPU.ActiveCfg = Debug|Any CPU
		{BAC4127F-AE4F-48F7-9372-B6AB25ACC231}.Debug|Any CPU.Build.0 = Debug|Any CPU
		{BAC4127F-AE4F-48F7-9372-B6AB25ACC231}.Release|Any CPU.ActiveCfg = Release|Any CPU
		{BAC4127F-AE4F-48F7-9372-B6AB25ACC231}.Release|Any CPU.Build.0 = Release|Any CPU
		{7EA4F519-3757-4C79-BDBB-89A91161B495}.Debug|Any CPU.ActiveCfg = Debug|Any CPU
		{7EA4F519-3757-4C79-BDBB-89A91161B495}.Debug|Any CPU.Build.0 = Debug|Any CPU
		{7EA4F519-3757-4C79-BDBB-89A91161B495}.Release|Any CPU.ActiveCfg = Release|Any CPU
		{7EA4F519-3757-4C79-BDBB-89A91161B495}.Release|Any CPU.Build.0 = Release|Any CPU
		{A9745425-25B4-4F73-9D80-D8410CF40D07}.Debug|Any CPU.ActiveCfg = Debug|Any CPU
		{A9745425-25B4-4F73-9D80-D8410CF40D07}.Debug|Any CPU.Build.0 = Debug|Any CPU
		{A9745425-25B4-4F73-9D80-D8410CF40D07}.Release|Any CPU.ActiveCfg = Release|Any CPU
		{A9745425-25B4-4F73-9D80-D8410CF40D07}.Release|Any CPU.Build.0 = Release|Any CPU
		{CEAFA0DE-6E17-4E37-9BA8-EE3719F89D0C}.Debug|Any CPU.ActiveCfg = Debug|Any CPU
		{CEAFA0DE-6E17-4E37-9BA8-EE3719F89D0C}.Debug|Any CPU.Build.0 = Debug|Any CPU
		{CEAFA0DE-6E17-4E37-9BA8-EE3719F89D0C}.Release|Any CPU.ActiveCfg = Release|Any CPU
		{CEAFA0DE-6E17-4E37-9BA8-EE3719F89D0C}.Release|Any CPU.Build.0 = Release|Any CPU
		{C68D915E-D26C-4A3C-A691-A840BA02134C}.Debug|Any CPU.ActiveCfg = Debug|Any CPU
		{C68D915E-D26C-4A3C-A691-A840BA02134C}.Debug|Any CPU.Build.0 = Debug|Any CPU
		{C68D915E-D26C-4A3C-A691-A840BA02134C}.Release|Any CPU.ActiveCfg = Release|Any CPU
		{C68D915E-D26C-4A3C-A691-A840BA02134C}.Release|Any CPU.Build.0 = Release|Any CPU
		{0DCA1C80-0498-4203-8EC6-6B23064616FC}.Debug|Any CPU.ActiveCfg = Debug|Any CPU
		{0DCA1C80-0498-4203-8EC6-6B23064616FC}.Debug|Any CPU.Build.0 = Debug|Any CPU
		{0DCA1C80-0498-4203-8EC6-6B23064616FC}.Release|Any CPU.ActiveCfg = Release|Any CPU
		{0DCA1C80-0498-4203-8EC6-6B23064616FC}.Release|Any CPU.Build.0 = Release|Any CPU
		{CC6BC25B-4FE7-48E6-A699-51FE997B997E}.Debug|Any CPU.ActiveCfg = Debug|Any CPU
		{CC6BC25B-4FE7-48E6-A699-51FE997B997E}.Debug|Any CPU.Build.0 = Debug|Any CPU
		{CC6BC25B-4FE7-48E6-A699-51FE997B997E}.Release|Any CPU.ActiveCfg = Release|Any CPU
		{CC6BC25B-4FE7-48E6-A699-51FE997B997E}.Release|Any CPU.Build.0 = Release|Any CPU
		{BB2E2E7E-296F-46C4-BB7F-99D31C543D9C}.Debug|Any CPU.ActiveCfg = Debug|Any CPU
		{BB2E2E7E-296F-46C4-BB7F-99D31C543D9C}.Debug|Any CPU.Build.0 = Debug|Any CPU
		{BB2E2E7E-296F-46C4-BB7F-99D31C543D9C}.Release|Any CPU.ActiveCfg = Release|Any CPU
		{BB2E2E7E-296F-46C4-BB7F-99D31C543D9C}.Release|Any CPU.Build.0 = Release|Any CPU
		{7F9A14E9-D85C-4836-B27D-D9BB29955647}.Debug|Any CPU.ActiveCfg = Debug|Any CPU
		{7F9A14E9-D85C-4836-B27D-D9BB29955647}.Debug|Any CPU.Build.0 = Debug|Any CPU
		{7F9A14E9-D85C-4836-B27D-D9BB29955647}.Release|Any CPU.ActiveCfg = Release|Any CPU
		{7F9A14E9-D85C-4836-B27D-D9BB29955647}.Release|Any CPU.Build.0 = Release|Any CPU
		{CF6C2D64-6B38-40A8-9384-00B92C97BC7D}.Debug|Any CPU.ActiveCfg = Debug|Any CPU
		{CF6C2D64-6B38-40A8-9384-00B92C97BC7D}.Debug|Any CPU.Build.0 = Debug|Any CPU
		{CF6C2D64-6B38-40A8-9384-00B92C97BC7D}.Release|Any CPU.ActiveCfg = Release|Any CPU
		{CF6C2D64-6B38-40A8-9384-00B92C97BC7D}.Release|Any CPU.Build.0 = Release|Any CPU
		{878798E7-944F-489D-B7C4-D0739BAFA282}.Debug|Any CPU.ActiveCfg = Debug|Any CPU
		{878798E7-944F-489D-B7C4-D0739BAFA282}.Debug|Any CPU.Build.0 = Debug|Any CPU
		{878798E7-944F-489D-B7C4-D0739BAFA282}.Release|Any CPU.ActiveCfg = Release|Any CPU
		{878798E7-944F-489D-B7C4-D0739BAFA282}.Release|Any CPU.Build.0 = Release|Any CPU
		{4530CC12-144F-4BD1-919C-77F29DD0FFBA}.Debug|Any CPU.ActiveCfg = Debug|Any CPU
		{4530CC12-144F-4BD1-919C-77F29DD0FFBA}.Debug|Any CPU.Build.0 = Debug|Any CPU
		{4530CC12-144F-4BD1-919C-77F29DD0FFBA}.Release|Any CPU.ActiveCfg = Release|Any CPU
		{4530CC12-144F-4BD1-919C-77F29DD0FFBA}.Release|Any CPU.Build.0 = Release|Any CPU
		{0A074635-9878-4753-8631-FF654026A06D}.Debug|Any CPU.ActiveCfg = Debug|Any CPU
		{0A074635-9878-4753-8631-FF654026A06D}.Debug|Any CPU.Build.0 = Debug|Any CPU
		{0A074635-9878-4753-8631-FF654026A06D}.Release|Any CPU.ActiveCfg = Release|Any CPU
		{0A074635-9878-4753-8631-FF654026A06D}.Release|Any CPU.Build.0 = Release|Any CPU
		{3135C0AC-49B8-46BA-8774-1439A2BD55FE}.Debug|Any CPU.ActiveCfg = Debug|Any CPU
		{3135C0AC-49B8-46BA-8774-1439A2BD55FE}.Debug|Any CPU.Build.0 = Debug|Any CPU
		{3135C0AC-49B8-46BA-8774-1439A2BD55FE}.Release|Any CPU.ActiveCfg = Release|Any CPU
		{3135C0AC-49B8-46BA-8774-1439A2BD55FE}.Release|Any CPU.Build.0 = Release|Any CPU
		{3A5EB185-9FD2-4708-BB78-44175C104D28}.Debug|Any CPU.ActiveCfg = Debug|Any CPU
		{3A5EB185-9FD2-4708-BB78-44175C104D28}.Debug|Any CPU.Build.0 = Debug|Any CPU
		{3A5EB185-9FD2-4708-BB78-44175C104D28}.Release|Any CPU.ActiveCfg = Release|Any CPU
		{3A5EB185-9FD2-4708-BB78-44175C104D28}.Release|Any CPU.Build.0 = Release|Any CPU
		{0557BE5C-F503-4F95-A0A8-DA07452125F8}.Debug|Any CPU.ActiveCfg = Debug|Any CPU
		{0557BE5C-F503-4F95-A0A8-DA07452125F8}.Debug|Any CPU.Build.0 = Debug|Any CPU
		{0557BE5C-F503-4F95-A0A8-DA07452125F8}.Release|Any CPU.ActiveCfg = Release|Any CPU
		{0557BE5C-F503-4F95-A0A8-DA07452125F8}.Release|Any CPU.Build.0 = Release|Any CPU
		{2939F4E3-D5C5-4E6A-97D0-AD0621C83EF9}.Debug|Any CPU.ActiveCfg = Debug|Any CPU
		{2939F4E3-D5C5-4E6A-97D0-AD0621C83EF9}.Debug|Any CPU.Build.0 = Debug|Any CPU
		{2939F4E3-D5C5-4E6A-97D0-AD0621C83EF9}.Release|Any CPU.ActiveCfg = Release|Any CPU
		{2939F4E3-D5C5-4E6A-97D0-AD0621C83EF9}.Release|Any CPU.Build.0 = Release|Any CPU
		{AACD5440-7544-4B37-9FE3-770F154672EB}.Debug|Any CPU.ActiveCfg = Debug|Any CPU
		{AACD5440-7544-4B37-9FE3-770F154672EB}.Debug|Any CPU.Build.0 = Debug|Any CPU
		{AACD5440-7544-4B37-9FE3-770F154672EB}.Release|Any CPU.ActiveCfg = Release|Any CPU
		{AACD5440-7544-4B37-9FE3-770F154672EB}.Release|Any CPU.Build.0 = Release|Any CPU
		{2D1269BC-3434-498C-8593-51DEC2A92FBE}.Debug|Any CPU.ActiveCfg = Debug|Any CPU
		{2D1269BC-3434-498C-8593-51DEC2A92FBE}.Debug|Any CPU.Build.0 = Debug|Any CPU
		{2D1269BC-3434-498C-8593-51DEC2A92FBE}.Release|Any CPU.ActiveCfg = Release|Any CPU
		{2D1269BC-3434-498C-8593-51DEC2A92FBE}.Release|Any CPU.Build.0 = Release|Any CPU
		{6C3AAE9B-B3C8-4E5C-9BCA-89413292B926}.Debug|Any CPU.ActiveCfg = Debug|Any CPU
		{6C3AAE9B-B3C8-4E5C-9BCA-89413292B926}.Debug|Any CPU.Build.0 = Debug|Any CPU
		{6C3AAE9B-B3C8-4E5C-9BCA-89413292B926}.Release|Any CPU.ActiveCfg = Release|Any CPU
		{6C3AAE9B-B3C8-4E5C-9BCA-89413292B926}.Release|Any CPU.Build.0 = Release|Any CPU
		{33C58E74-B656-4792-9788-CE590F227874}.Debug|Any CPU.ActiveCfg = Debug|Any CPU
		{33C58E74-B656-4792-9788-CE590F227874}.Debug|Any CPU.Build.0 = Debug|Any CPU
		{33C58E74-B656-4792-9788-CE590F227874}.Release|Any CPU.ActiveCfg = Release|Any CPU
		{33C58E74-B656-4792-9788-CE590F227874}.Release|Any CPU.Build.0 = Release|Any CPU
		{014A6A55-2D5A-4403-AE26-75C28B9D5E41}.Debug|Any CPU.ActiveCfg = Debug|Any CPU
		{014A6A55-2D5A-4403-AE26-75C28B9D5E41}.Debug|Any CPU.Build.0 = Debug|Any CPU
		{014A6A55-2D5A-4403-AE26-75C28B9D5E41}.Release|Any CPU.ActiveCfg = Release|Any CPU
		{014A6A55-2D5A-4403-AE26-75C28B9D5E41}.Release|Any CPU.Build.0 = Release|Any CPU
		{EF29D8C3-F727-40C8-9CD9-1EF3E3613AE0}.Debug|Any CPU.ActiveCfg = Debug|Any CPU
		{EF29D8C3-F727-40C8-9CD9-1EF3E3613AE0}.Debug|Any CPU.Build.0 = Debug|Any CPU
		{EF29D8C3-F727-40C8-9CD9-1EF3E3613AE0}.Release|Any CPU.ActiveCfg = Release|Any CPU
		{EF29D8C3-F727-40C8-9CD9-1EF3E3613AE0}.Release|Any CPU.Build.0 = Release|Any CPU
		{598268DA-1FA8-411F-8E82-ED71D0CAF671}.Debug|Any CPU.ActiveCfg = Debug|Any CPU
		{598268DA-1FA8-411F-8E82-ED71D0CAF671}.Debug|Any CPU.Build.0 = Debug|Any CPU
		{598268DA-1FA8-411F-8E82-ED71D0CAF671}.Release|Any CPU.ActiveCfg = Release|Any CPU
		{598268DA-1FA8-411F-8E82-ED71D0CAF671}.Release|Any CPU.Build.0 = Release|Any CPU
		{AF307203-D5CC-4773-983A-6F7D578793C7}.Debug|Any CPU.ActiveCfg = Debug|Any CPU
		{AF307203-D5CC-4773-983A-6F7D578793C7}.Debug|Any CPU.Build.0 = Debug|Any CPU
		{AF307203-D5CC-4773-983A-6F7D578793C7}.Release|Any CPU.ActiveCfg = Release|Any CPU
		{AF307203-D5CC-4773-983A-6F7D578793C7}.Release|Any CPU.Build.0 = Release|Any CPU
	EndGlobalSection
	GlobalSection(SolutionProperties) = preSolution
		HideSolutionNode = FALSE
	EndGlobalSection
EndGlobal
